// !$*UTF8*$!
{
	archiveVersion = 1;
	classes = {
	};
	objectVersion = 46;
	objects = {

/* Begin PBXBuildFile section */
		041B60D61C5B9D2700C6AB78 /* main.m in Sources */ = {isa = PBXBuildFile; fileRef = 041B60D51C5B9D2700C6AB78 /* main.m */; };
		041B60E11C5B9D2700C6AB78 /* Assets.xcassets in Resources */ = {isa = PBXBuildFile; fileRef = 041B60E01C5B9D2700C6AB78 /* Assets.xcassets */; };
		041B60E41C5B9D2700C6AB78 /* LaunchScreen.storyboard in Resources */ = {isa = PBXBuildFile; fileRef = 041B60E21C5B9D2700C6AB78 /* LaunchScreen.storyboard */; };
		041B61111C5BAE4900C6AB78 /* AppDelegate.m in Sources */ = {isa = PBXBuildFile; fileRef = 041B61101C5BAE4900C6AB78 /* AppDelegate.m */; };
		041B61151C5BAEE500C6AB78 /* FKSignInViewController.m in Sources */ = {isa = PBXBuildFile; fileRef = 041B61141C5BAEE500C6AB78 /* FKSignInViewController.m */; };
		044AE0531C5BD59D00493AFB /* FKManager.m in Sources */ = {isa = PBXBuildFile; fileRef = 044AE0521C5BD59D00493AFB /* FKManager.m */; };
		044AE0571C5BE41400493AFB /* FKLaunchViewController.m in Sources */ = {isa = PBXBuildFile; fileRef = 044AE0561C5BE41400493AFB /* FKLaunchViewController.m */; };
		044AE05B1C5BE48400493AFB /* FKLaunchViewController.xib in Resources */ = {isa = PBXBuildFile; fileRef = 044AE05A1C5BE48400493AFB /* FKLaunchViewController.xib */; };
		044AE0601C5BF2FB00493AFB /* FKCouponViewController.m in Sources */ = {isa = PBXBuildFile; fileRef = 044AE05E1C5BF2FB00493AFB /* FKCouponViewController.m */; };
		044AE0611C5BF2FB00493AFB /* FKCouponViewController.xib in Resources */ = {isa = PBXBuildFile; fileRef = 044AE05F1C5BF2FB00493AFB /* FKCouponViewController.xib */; };
		044AE0631C5BFC4000493AFB /* FKSignInViewController.xib in Resources */ = {isa = PBXBuildFile; fileRef = 044AE0621C5BFC4000493AFB /* FKSignInViewController.xib */; };
		0493076F1C60FC1E007F5BAD /* FKCouponTableViewCell.m in Sources */ = {isa = PBXBuildFile; fileRef = 0493076D1C60FC1E007F5BAD /* FKCouponTableViewCell.m */; };
		049307701C60FC1E007F5BAD /* FKCouponTableViewCell.xib in Resources */ = {isa = PBXBuildFile; fileRef = 0493076E1C60FC1E007F5BAD /* FKCouponTableViewCell.xib */; };
		049307731C610236007F5BAD /* UIFont+FKFont.m in Sources */ = {isa = PBXBuildFile; fileRef = 049307721C610236007F5BAD /* UIFont+FKFont.m */; };
		049307771C610568007F5BAD /* FKCouponTableViewController.xib in Resources */ = {isa = PBXBuildFile; fileRef = 049307761C610568007F5BAD /* FKCouponTableViewController.xib */; };
		0493077E1C613600007F5BAD /* FKCouponObject.m in Sources */ = {isa = PBXBuildFile; fileRef = 0493077D1C613600007F5BAD /* FKCouponObject.m */; };
		049307821C613620007F5BAD /* FKRequestManager.m in Sources */ = {isa = PBXBuildFile; fileRef = 049307811C613620007F5BAD /* FKRequestManager.m */; };
		0493078C1C6283CA007F5BAD /* FKCouponDetailsViewController.m in Sources */ = {isa = PBXBuildFile; fileRef = 0493078A1C6283CA007F5BAD /* FKCouponDetailsViewController.m */; };
		0493078D1C6283CA007F5BAD /* FKCouponDetailsViewController.xib in Resources */ = {isa = PBXBuildFile; fileRef = 0493078B1C6283CA007F5BAD /* FKCouponDetailsViewController.xib */; };
		049307911C6292A5007F5BAD /* FKBaseViewController.m in Sources */ = {isa = PBXBuildFile; fileRef = 049307901C6292A5007F5BAD /* FKBaseViewController.m */; };
		04E629191C5CDED000CD9C97 /* NSString+FKString.m in Sources */ = {isa = PBXBuildFile; fileRef = 04E629181C5CDED000CD9C97 /* NSString+FKString.m */; };
		04E6291C1C5CF22100CD9C97 /* NSDictionary+FKDictionary.m in Sources */ = {isa = PBXBuildFile; fileRef = 04E6291B1C5CF22100CD9C97 /* NSDictionary+FKDictionary.m */; };
		04E6292E1C5E7E8E00CD9C97 /* FKCouponTableViewController.m in Sources */ = {isa = PBXBuildFile; fileRef = 04E6292C1C5E7E8E00CD9C97 /* FKCouponTableViewController.m */; };
		04E6293A1C5E7FEC00CD9C97 /* FKPunchViewController.m in Sources */ = {isa = PBXBuildFile; fileRef = 04E629381C5E7FEC00CD9C97 /* FKPunchViewController.m */; };
		04E6293B1C5E7FEC00CD9C97 /* FKPunchViewController.xib in Resources */ = {isa = PBXBuildFile; fileRef = 04E629391C5E7FEC00CD9C97 /* FKPunchViewController.xib */; };
		04E70FC31C63943400A0685E /* MapKit.framework in Frameworks */ = {isa = PBXBuildFile; fileRef = 04E70FC21C63943400A0685E /* MapKit.framework */; };
		04E70FD71C63D78000A0685E /* Roboto-Black.ttf in Resources */ = {isa = PBXBuildFile; fileRef = 04E70FC51C63D78000A0685E /* Roboto-Black.ttf */; };
		04E70FD81C63D78000A0685E /* Roboto-BlackItalic.ttf in Resources */ = {isa = PBXBuildFile; fileRef = 04E70FC61C63D78000A0685E /* Roboto-BlackItalic.ttf */; };
		04E70FD91C63D78000A0685E /* Roboto-Bold.ttf in Resources */ = {isa = PBXBuildFile; fileRef = 04E70FC71C63D78000A0685E /* Roboto-Bold.ttf */; };
		04E70FDA1C63D78000A0685E /* Roboto-BoldItalic.ttf in Resources */ = {isa = PBXBuildFile; fileRef = 04E70FC81C63D78000A0685E /* Roboto-BoldItalic.ttf */; };
		04E70FDB1C63D78000A0685E /* Roboto-Italic.ttf in Resources */ = {isa = PBXBuildFile; fileRef = 04E70FC91C63D78000A0685E /* Roboto-Italic.ttf */; };
		04E70FDC1C63D78000A0685E /* Roboto-Light.ttf in Resources */ = {isa = PBXBuildFile; fileRef = 04E70FCA1C63D78000A0685E /* Roboto-Light.ttf */; };
		04E70FDD1C63D78000A0685E /* Roboto-LightItalic.ttf in Resources */ = {isa = PBXBuildFile; fileRef = 04E70FCB1C63D78000A0685E /* Roboto-LightItalic.ttf */; };
		04E70FDE1C63D78000A0685E /* Roboto-Medium.ttf in Resources */ = {isa = PBXBuildFile; fileRef = 04E70FCC1C63D78000A0685E /* Roboto-Medium.ttf */; };
		04E70FDF1C63D78000A0685E /* Roboto-MediumItalic.ttf in Resources */ = {isa = PBXBuildFile; fileRef = 04E70FCD1C63D78000A0685E /* Roboto-MediumItalic.ttf */; };
		04E70FE01C63D78000A0685E /* Roboto-Regular.ttf in Resources */ = {isa = PBXBuildFile; fileRef = 04E70FCE1C63D78000A0685E /* Roboto-Regular.ttf */; };
		04E70FE11C63D78000A0685E /* Roboto-Thin.ttf in Resources */ = {isa = PBXBuildFile; fileRef = 04E70FCF1C63D78000A0685E /* Roboto-Thin.ttf */; };
		04E70FE21C63D78000A0685E /* Roboto-ThinItalic.ttf in Resources */ = {isa = PBXBuildFile; fileRef = 04E70FD01C63D78000A0685E /* Roboto-ThinItalic.ttf */; };
		04E70FE31C63D78000A0685E /* RobotoCondensed-Bold.ttf in Resources */ = {isa = PBXBuildFile; fileRef = 04E70FD11C63D78000A0685E /* RobotoCondensed-Bold.ttf */; };
		04E70FE41C63D78000A0685E /* RobotoCondensed-BoldItalic.ttf in Resources */ = {isa = PBXBuildFile; fileRef = 04E70FD21C63D78000A0685E /* RobotoCondensed-BoldItalic.ttf */; };
		04E70FE51C63D78000A0685E /* RobotoCondensed-Italic.ttf in Resources */ = {isa = PBXBuildFile; fileRef = 04E70FD31C63D78000A0685E /* RobotoCondensed-Italic.ttf */; };
		04E70FE61C63D78000A0685E /* RobotoCondensed-Light.ttf in Resources */ = {isa = PBXBuildFile; fileRef = 04E70FD41C63D78000A0685E /* RobotoCondensed-Light.ttf */; };
		04E70FE71C63D78000A0685E /* RobotoCondensed-LightItalic.ttf in Resources */ = {isa = PBXBuildFile; fileRef = 04E70FD51C63D78000A0685E /* RobotoCondensed-LightItalic.ttf */; };
		04E70FE81C63D78000A0685E /* RobotoCondensed-Regular.ttf in Resources */ = {isa = PBXBuildFile; fileRef = 04E70FD61C63D78000A0685E /* RobotoCondensed-Regular.ttf */; };
		04E70FED1C63D95C00A0685E /* FKOfferViewController.m in Sources */ = {isa = PBXBuildFile; fileRef = 04E70FEB1C63D95C00A0685E /* FKOfferViewController.m */; };
		04E70FEE1C63D95C00A0685E /* FKOfferViewController.xib in Resources */ = {isa = PBXBuildFile; fileRef = 04E70FEC1C63D95C00A0685E /* FKOfferViewController.xib */; };
		04F170EF1C662E2A0064FC40 /* FKEventsViewController.m in Sources */ = {isa = PBXBuildFile; fileRef = 04F170ED1C662E2A0064FC40 /* FKEventsViewController.m */; };
		04F170F01C662E2A0064FC40 /* FKEventsViewController.xib in Resources */ = {isa = PBXBuildFile; fileRef = 04F170EE1C662E2A0064FC40 /* FKEventsViewController.xib */; };
		04F170F61C66304F0064FC40 /* FKSettingsViewController.m in Sources */ = {isa = PBXBuildFile; fileRef = 04F170F41C66304F0064FC40 /* FKSettingsViewController.m */; };
		04F170F71C66304F0064FC40 /* FKSettingsViewController.xib in Resources */ = {isa = PBXBuildFile; fileRef = 04F170F51C66304F0064FC40 /* FKSettingsViewController.xib */; };
		04F170FB1C66306A0064FC40 /* FKFAQViewController.m in Sources */ = {isa = PBXBuildFile; fileRef = 04F170F91C66306A0064FC40 /* FKFAQViewController.m */; };
		04F170FC1C66306A0064FC40 /* FKFAQViewController.xib in Resources */ = {isa = PBXBuildFile; fileRef = 04F170FA1C66306A0064FC40 /* FKFAQViewController.xib */; };
		04F170FF1C6662960064FC40 /* UIImage+animatedGIF.m in Sources */ = {isa = PBXBuildFile; fileRef = 04F170FE1C6662960064FC40 /* UIImage+animatedGIF.m */; };
		04F171041C6673CB0064FC40 /* CKCalendarView.m in Sources */ = {isa = PBXBuildFile; fileRef = 04F171031C6673CB0064FC40 /* CKCalendarView.m */; };
		04F171141C667A330064FC40 /* FKEventTableViewCell.m in Sources */ = {isa = PBXBuildFile; fileRef = 04F171121C667A330064FC40 /* FKEventTableViewCell.m */; };
		04F171151C667A330064FC40 /* FKEventTableViewCell.xib in Resources */ = {isa = PBXBuildFile; fileRef = 04F171131C667A330064FC40 /* FKEventTableViewCell.xib */; };
		04F171191C6682350064FC40 /* FKEvent.m in Sources */ = {isa = PBXBuildFile; fileRef = 04F171181C6682350064FC40 /* FKEvent.m */; };
		BB924BE99C12DDC653526E99 /* libPods-Captain Pip's Florida Keys.a in Frameworks */ = {isa = PBXBuildFile; fileRef = A3733B9E61C7E5BA9549C3B8 /* libPods-Captain Pip's Florida Keys.a */; };
/* End PBXBuildFile section */

/* Begin PBXFileReference section */
		041B60D11C5B9D2700C6AB78 /* Captain Pip's Florida Keys.app */ = {isa = PBXFileReference; explicitFileType = wrapper.application; includeInIndex = 0; path = "Captain Pip's Florida Keys.app"; sourceTree = BUILT_PRODUCTS_DIR; };
		041B60D51C5B9D2700C6AB78 /* main.m */ = {isa = PBXFileReference; lastKnownFileType = sourcecode.c.objc; path = main.m; sourceTree = "<group>"; };
		041B60E01C5B9D2700C6AB78 /* Assets.xcassets */ = {isa = PBXFileReference; lastKnownFileType = folder.assetcatalog; path = Assets.xcassets; sourceTree = "<group>"; };
		041B60E31C5B9D2700C6AB78 /* Base */ = {isa = PBXFileReference; lastKnownFileType = file.storyboard; name = Base; path = Base.lproj/LaunchScreen.storyboard; sourceTree = "<group>"; };
		041B60E51C5B9D2700C6AB78 /* Info.plist */ = {isa = PBXFileReference; lastKnownFileType = text.plist.xml; path = Info.plist; sourceTree = "<group>"; };
		041B610F1C5BAE4900C6AB78 /* AppDelegate.h */ = {isa = PBXFileReference; fileEncoding = 4; lastKnownFileType = sourcecode.c.h; path = AppDelegate.h; sourceTree = "<group>"; };
		041B61101C5BAE4900C6AB78 /* AppDelegate.m */ = {isa = PBXFileReference; fileEncoding = 4; lastKnownFileType = sourcecode.c.objc; path = AppDelegate.m; sourceTree = "<group>"; };
		041B61131C5BAEE500C6AB78 /* FKSignInViewController.h */ = {isa = PBXFileReference; fileEncoding = 4; lastKnownFileType = sourcecode.c.h; path = FKSignInViewController.h; sourceTree = "<group>"; };
		041B61141C5BAEE500C6AB78 /* FKSignInViewController.m */ = {isa = PBXFileReference; fileEncoding = 4; lastKnownFileType = sourcecode.c.objc; path = FKSignInViewController.m; sourceTree = "<group>"; };
		041B61161C5BB00400C6AB78 /* Globals.h */ = {isa = PBXFileReference; fileEncoding = 4; lastKnownFileType = sourcecode.c.h; name = Globals.h; path = "../Captain Pip's Florida Keys/Globals.h"; sourceTree = "<group>"; };
		044AE04C1C5BB71300493AFB /* FloridaKeysPrefixHeader.pch */ = {isa = PBXFileReference; fileEncoding = 4; lastKnownFileType = sourcecode.c.h; path = FloridaKeysPrefixHeader.pch; sourceTree = "<group>"; };
		044AE0511C5BD59D00493AFB /* FKManager.h */ = {isa = PBXFileReference; fileEncoding = 4; lastKnownFileType = sourcecode.c.h; path = FKManager.h; sourceTree = "<group>"; };
		044AE0521C5BD59D00493AFB /* FKManager.m */ = {isa = PBXFileReference; fileEncoding = 4; lastKnownFileType = sourcecode.c.objc; path = FKManager.m; sourceTree = "<group>"; };
		044AE0551C5BE41400493AFB /* FKLaunchViewController.h */ = {isa = PBXFileReference; fileEncoding = 4; lastKnownFileType = sourcecode.c.h; path = FKLaunchViewController.h; sourceTree = "<group>"; };
		044AE0561C5BE41400493AFB /* FKLaunchViewController.m */ = {isa = PBXFileReference; fileEncoding = 4; lastKnownFileType = sourcecode.c.objc; path = FKLaunchViewController.m; sourceTree = "<group>"; };
		044AE05A1C5BE48400493AFB /* FKLaunchViewController.xib */ = {isa = PBXFileReference; fileEncoding = 4; lastKnownFileType = file.xib; path = FKLaunchViewController.xib; sourceTree = "<group>"; };
		044AE05D1C5BF2FB00493AFB /* FKCouponViewController.h */ = {isa = PBXFileReference; fileEncoding = 4; lastKnownFileType = sourcecode.c.h; path = FKCouponViewController.h; sourceTree = "<group>"; };
		044AE05E1C5BF2FB00493AFB /* FKCouponViewController.m */ = {isa = PBXFileReference; fileEncoding = 4; lastKnownFileType = sourcecode.c.objc; path = FKCouponViewController.m; sourceTree = "<group>"; };
		044AE05F1C5BF2FB00493AFB /* FKCouponViewController.xib */ = {isa = PBXFileReference; fileEncoding = 4; lastKnownFileType = file.xib; path = FKCouponViewController.xib; sourceTree = "<group>"; };
		044AE0621C5BFC4000493AFB /* FKSignInViewController.xib */ = {isa = PBXFileReference; fileEncoding = 4; lastKnownFileType = file.xib; path = FKSignInViewController.xib; sourceTree = "<group>"; };
		0493076C1C60FC1E007F5BAD /* FKCouponTableViewCell.h */ = {isa = PBXFileReference; fileEncoding = 4; lastKnownFileType = sourcecode.c.h; path = FKCouponTableViewCell.h; sourceTree = "<group>"; };
		0493076D1C60FC1E007F5BAD /* FKCouponTableViewCell.m */ = {isa = PBXFileReference; fileEncoding = 4; lastKnownFileType = sourcecode.c.objc; path = FKCouponTableViewCell.m; sourceTree = "<group>"; };
		0493076E1C60FC1E007F5BAD /* FKCouponTableViewCell.xib */ = {isa = PBXFileReference; fileEncoding = 4; lastKnownFileType = file.xib; path = FKCouponTableViewCell.xib; sourceTree = "<group>"; };
		049307711C610236007F5BAD /* UIFont+FKFont.h */ = {isa = PBXFileReference; fileEncoding = 4; lastKnownFileType = sourcecode.c.h; path = "UIFont+FKFont.h"; sourceTree = "<group>"; };
		049307721C610236007F5BAD /* UIFont+FKFont.m */ = {isa = PBXFileReference; fileEncoding = 4; lastKnownFileType = sourcecode.c.objc; path = "UIFont+FKFont.m"; sourceTree = "<group>"; };
		049307761C610568007F5BAD /* FKCouponTableViewController.xib */ = {isa = PBXFileReference; fileEncoding = 4; lastKnownFileType = file.xib; path = FKCouponTableViewController.xib; sourceTree = "<group>"; };
		0493077C1C613600007F5BAD /* FKCouponObject.h */ = {isa = PBXFileReference; fileEncoding = 4; lastKnownFileType = sourcecode.c.h; path = FKCouponObject.h; sourceTree = "<group>"; };
		0493077D1C613600007F5BAD /* FKCouponObject.m */ = {isa = PBXFileReference; fileEncoding = 4; lastKnownFileType = sourcecode.c.objc; path = FKCouponObject.m; sourceTree = "<group>"; };
		049307801C613620007F5BAD /* FKRequestManager.h */ = {isa = PBXFileReference; fileEncoding = 4; lastKnownFileType = sourcecode.c.h; path = FKRequestManager.h; sourceTree = "<group>"; };
		049307811C613620007F5BAD /* FKRequestManager.m */ = {isa = PBXFileReference; fileEncoding = 4; lastKnownFileType = sourcecode.c.objc; path = FKRequestManager.m; sourceTree = "<group>"; };
		049307891C6283CA007F5BAD /* FKCouponDetailsViewController.h */ = {isa = PBXFileReference; fileEncoding = 4; lastKnownFileType = sourcecode.c.h; path = FKCouponDetailsViewController.h; sourceTree = "<group>"; };
		0493078A1C6283CA007F5BAD /* FKCouponDetailsViewController.m */ = {isa = PBXFileReference; fileEncoding = 4; lastKnownFileType = sourcecode.c.objc; path = FKCouponDetailsViewController.m; sourceTree = "<group>"; };
		0493078B1C6283CA007F5BAD /* FKCouponDetailsViewController.xib */ = {isa = PBXFileReference; fileEncoding = 4; lastKnownFileType = file.xib; path = FKCouponDetailsViewController.xib; sourceTree = "<group>"; };
		0493078F1C6292A5007F5BAD /* FKBaseViewController.h */ = {isa = PBXFileReference; fileEncoding = 4; lastKnownFileType = sourcecode.c.h; path = FKBaseViewController.h; sourceTree = "<group>"; };
		049307901C6292A5007F5BAD /* FKBaseViewController.m */ = {isa = PBXFileReference; fileEncoding = 4; lastKnownFileType = sourcecode.c.objc; path = FKBaseViewController.m; sourceTree = "<group>"; };
		04E629171C5CDED000CD9C97 /* NSString+FKString.h */ = {isa = PBXFileReference; fileEncoding = 4; lastKnownFileType = sourcecode.c.h; path = "NSString+FKString.h"; sourceTree = "<group>"; };
		04E629181C5CDED000CD9C97 /* NSString+FKString.m */ = {isa = PBXFileReference; fileEncoding = 4; lastKnownFileType = sourcecode.c.objc; path = "NSString+FKString.m"; sourceTree = "<group>"; };
		04E6291A1C5CF22100CD9C97 /* NSDictionary+FKDictionary.h */ = {isa = PBXFileReference; fileEncoding = 4; lastKnownFileType = sourcecode.c.h; path = "NSDictionary+FKDictionary.h"; sourceTree = "<group>"; };
		04E6291B1C5CF22100CD9C97 /* NSDictionary+FKDictionary.m */ = {isa = PBXFileReference; fileEncoding = 4; lastKnownFileType = sourcecode.c.objc; path = "NSDictionary+FKDictionary.m"; sourceTree = "<group>"; };
		04E6292B1C5E7E8E00CD9C97 /* FKCouponTableViewController.h */ = {isa = PBXFileReference; fileEncoding = 4; lastKnownFileType = sourcecode.c.h; path = FKCouponTableViewController.h; sourceTree = "<group>"; };
		04E6292C1C5E7E8E00CD9C97 /* FKCouponTableViewController.m */ = {isa = PBXFileReference; fileEncoding = 4; lastKnownFileType = sourcecode.c.objc; path = FKCouponTableViewController.m; sourceTree = "<group>"; };
		04E629371C5E7FEC00CD9C97 /* FKPunchViewController.h */ = {isa = PBXFileReference; fileEncoding = 4; lastKnownFileType = sourcecode.c.h; path = FKPunchViewController.h; sourceTree = "<group>"; };
		04E629381C5E7FEC00CD9C97 /* FKPunchViewController.m */ = {isa = PBXFileReference; fileEncoding = 4; lastKnownFileType = sourcecode.c.objc; path = FKPunchViewController.m; sourceTree = "<group>"; };
		04E629391C5E7FEC00CD9C97 /* FKPunchViewController.xib */ = {isa = PBXFileReference; fileEncoding = 4; lastKnownFileType = file.xib; path = FKPunchViewController.xib; sourceTree = "<group>"; };
		04E70FC21C63943400A0685E /* MapKit.framework */ = {isa = PBXFileReference; lastKnownFileType = wrapper.framework; name = MapKit.framework; path = System/Library/Frameworks/MapKit.framework; sourceTree = SDKROOT; };
		04E70FC51C63D78000A0685E /* Roboto-Black.ttf */ = {isa = PBXFileReference; lastKnownFileType = file; path = "Roboto-Black.ttf"; sourceTree = "<group>"; };
		04E70FC61C63D78000A0685E /* Roboto-BlackItalic.ttf */ = {isa = PBXFileReference; lastKnownFileType = file; path = "Roboto-BlackItalic.ttf"; sourceTree = "<group>"; };
		04E70FC71C63D78000A0685E /* Roboto-Bold.ttf */ = {isa = PBXFileReference; lastKnownFileType = file; path = "Roboto-Bold.ttf"; sourceTree = "<group>"; };
		04E70FC81C63D78000A0685E /* Roboto-BoldItalic.ttf */ = {isa = PBXFileReference; lastKnownFileType = file; path = "Roboto-BoldItalic.ttf"; sourceTree = "<group>"; };
		04E70FC91C63D78000A0685E /* Roboto-Italic.ttf */ = {isa = PBXFileReference; lastKnownFileType = file; path = "Roboto-Italic.ttf"; sourceTree = "<group>"; };
		04E70FCA1C63D78000A0685E /* Roboto-Light.ttf */ = {isa = PBXFileReference; lastKnownFileType = file; path = "Roboto-Light.ttf"; sourceTree = "<group>"; };
		04E70FCB1C63D78000A0685E /* Roboto-LightItalic.ttf */ = {isa = PBXFileReference; lastKnownFileType = file; path = "Roboto-LightItalic.ttf"; sourceTree = "<group>"; };
		04E70FCC1C63D78000A0685E /* Roboto-Medium.ttf */ = {isa = PBXFileReference; lastKnownFileType = file; path = "Roboto-Medium.ttf"; sourceTree = "<group>"; };
		04E70FCD1C63D78000A0685E /* Roboto-MediumItalic.ttf */ = {isa = PBXFileReference; lastKnownFileType = file; path = "Roboto-MediumItalic.ttf"; sourceTree = "<group>"; };
		04E70FCE1C63D78000A0685E /* Roboto-Regular.ttf */ = {isa = PBXFileReference; lastKnownFileType = file; path = "Roboto-Regular.ttf"; sourceTree = "<group>"; };
		04E70FCF1C63D78000A0685E /* Roboto-Thin.ttf */ = {isa = PBXFileReference; lastKnownFileType = file; path = "Roboto-Thin.ttf"; sourceTree = "<group>"; };
		04E70FD01C63D78000A0685E /* Roboto-ThinItalic.ttf */ = {isa = PBXFileReference; lastKnownFileType = file; path = "Roboto-ThinItalic.ttf"; sourceTree = "<group>"; };
		04E70FD11C63D78000A0685E /* RobotoCondensed-Bold.ttf */ = {isa = PBXFileReference; lastKnownFileType = file; path = "RobotoCondensed-Bold.ttf"; sourceTree = "<group>"; };
		04E70FD21C63D78000A0685E /* RobotoCondensed-BoldItalic.ttf */ = {isa = PBXFileReference; lastKnownFileType = file; path = "RobotoCondensed-BoldItalic.ttf"; sourceTree = "<group>"; };
		04E70FD31C63D78000A0685E /* RobotoCondensed-Italic.ttf */ = {isa = PBXFileReference; lastKnownFileType = file; path = "RobotoCondensed-Italic.ttf"; sourceTree = "<group>"; };
		04E70FD41C63D78000A0685E /* RobotoCondensed-Light.ttf */ = {isa = PBXFileReference; lastKnownFileType = file; path = "RobotoCondensed-Light.ttf"; sourceTree = "<group>"; };
		04E70FD51C63D78000A0685E /* RobotoCondensed-LightItalic.ttf */ = {isa = PBXFileReference; lastKnownFileType = file; path = "RobotoCondensed-LightItalic.ttf"; sourceTree = "<group>"; };
		04E70FD61C63D78000A0685E /* RobotoCondensed-Regular.ttf */ = {isa = PBXFileReference; lastKnownFileType = file; path = "RobotoCondensed-Regular.ttf"; sourceTree = "<group>"; };
		04E70FEA1C63D95C00A0685E /* FKOfferViewController.h */ = {isa = PBXFileReference; fileEncoding = 4; lastKnownFileType = sourcecode.c.h; path = FKOfferViewController.h; sourceTree = "<group>"; };
		04E70FEB1C63D95C00A0685E /* FKOfferViewController.m */ = {isa = PBXFileReference; fileEncoding = 4; lastKnownFileType = sourcecode.c.objc; path = FKOfferViewController.m; sourceTree = "<group>"; };
		04E70FEC1C63D95C00A0685E /* FKOfferViewController.xib */ = {isa = PBXFileReference; fileEncoding = 4; lastKnownFileType = file.xib; path = FKOfferViewController.xib; sourceTree = "<group>"; };
		04F170EC1C662E2A0064FC40 /* FKEventsViewController.h */ = {isa = PBXFileReference; fileEncoding = 4; lastKnownFileType = sourcecode.c.h; path = FKEventsViewController.h; sourceTree = "<group>"; };
		04F170ED1C662E2A0064FC40 /* FKEventsViewController.m */ = {isa = PBXFileReference; fileEncoding = 4; lastKnownFileType = sourcecode.c.objc; path = FKEventsViewController.m; sourceTree = "<group>"; };
		04F170EE1C662E2A0064FC40 /* FKEventsViewController.xib */ = {isa = PBXFileReference; fileEncoding = 4; lastKnownFileType = file.xib; path = FKEventsViewController.xib; sourceTree = "<group>"; };
		04F170F31C66304F0064FC40 /* FKSettingsViewController.h */ = {isa = PBXFileReference; fileEncoding = 4; lastKnownFileType = sourcecode.c.h; path = FKSettingsViewController.h; sourceTree = "<group>"; };
		04F170F41C66304F0064FC40 /* FKSettingsViewController.m */ = {isa = PBXFileReference; fileEncoding = 4; lastKnownFileType = sourcecode.c.objc; path = FKSettingsViewController.m; sourceTree = "<group>"; };
		04F170F51C66304F0064FC40 /* FKSettingsViewController.xib */ = {isa = PBXFileReference; fileEncoding = 4; lastKnownFileType = file.xib; path = FKSettingsViewController.xib; sourceTree = "<group>"; };
		04F170F81C66306A0064FC40 /* FKFAQViewController.h */ = {isa = PBXFileReference; fileEncoding = 4; lastKnownFileType = sourcecode.c.h; path = FKFAQViewController.h; sourceTree = "<group>"; };
		04F170F91C66306A0064FC40 /* FKFAQViewController.m */ = {isa = PBXFileReference; fileEncoding = 4; lastKnownFileType = sourcecode.c.objc; path = FKFAQViewController.m; sourceTree = "<group>"; };
		04F170FA1C66306A0064FC40 /* FKFAQViewController.xib */ = {isa = PBXFileReference; fileEncoding = 4; lastKnownFileType = file.xib; path = FKFAQViewController.xib; sourceTree = "<group>"; };
		04F170FD1C6662960064FC40 /* UIImage+animatedGIF.h */ = {isa = PBXFileReference; fileEncoding = 4; lastKnownFileType = sourcecode.c.h; path = "UIImage+animatedGIF.h"; sourceTree = "<group>"; };
		04F170FE1C6662960064FC40 /* UIImage+animatedGIF.m */ = {isa = PBXFileReference; fileEncoding = 4; lastKnownFileType = sourcecode.c.objc; path = "UIImage+animatedGIF.m"; sourceTree = "<group>"; };
		04F171021C6673CB0064FC40 /* CKCalendarView.h */ = {isa = PBXFileReference; fileEncoding = 4; lastKnownFileType = sourcecode.c.h; path = CKCalendarView.h; sourceTree = "<group>"; };
		04F171031C6673CB0064FC40 /* CKCalendarView.m */ = {isa = PBXFileReference; fileEncoding = 4; lastKnownFileType = sourcecode.c.objc; path = CKCalendarView.m; sourceTree = "<group>"; };
		04F171111C667A330064FC40 /* FKEventTableViewCell.h */ = {isa = PBXFileReference; fileEncoding = 4; lastKnownFileType = sourcecode.c.h; path = FKEventTableViewCell.h; sourceTree = "<group>"; };
		04F171121C667A330064FC40 /* FKEventTableViewCell.m */ = {isa = PBXFileReference; fileEncoding = 4; lastKnownFileType = sourcecode.c.objc; path = FKEventTableViewCell.m; sourceTree = "<group>"; };
		04F171131C667A330064FC40 /* FKEventTableViewCell.xib */ = {isa = PBXFileReference; fileEncoding = 4; lastKnownFileType = file.xib; path = FKEventTableViewCell.xib; sourceTree = "<group>"; };
		04F171171C6682350064FC40 /* FKEvent.h */ = {isa = PBXFileReference; fileEncoding = 4; lastKnownFileType = sourcecode.c.h; path = FKEvent.h; sourceTree = "<group>"; };
		04F171181C6682350064FC40 /* FKEvent.m */ = {isa = PBXFileReference; fileEncoding = 4; lastKnownFileType = sourcecode.c.objc; path = FKEvent.m; sourceTree = "<group>"; };
		828F1E531EADAAC5B7958806 /* Pods-Captain Pip's Florida Keys.debug.xcconfig */ = {isa = PBXFileReference; includeInIndex = 1; lastKnownFileType = text.xcconfig; name = "Pods-Captain Pip's Florida Keys.debug.xcconfig"; path = "Pods/Target Support Files/Pods-Captain Pip's Florida Keys/Pods-Captain Pip's Florida Keys.debug.xcconfig"; sourceTree = "<group>"; };
		A3733B9E61C7E5BA9549C3B8 /* libPods-Captain Pip's Florida Keys.a */ = {isa = PBXFileReference; explicitFileType = archive.ar; includeInIndex = 0; path = "libPods-Captain Pip's Florida Keys.a"; sourceTree = BUILT_PRODUCTS_DIR; };
		F4D179EF4432E6C7F97A2909 /* Pods-Captain Pip's Florida Keys.release.xcconfig */ = {isa = PBXFileReference; includeInIndex = 1; lastKnownFileType = text.xcconfig; name = "Pods-Captain Pip's Florida Keys.release.xcconfig"; path = "Pods/Target Support Files/Pods-Captain Pip's Florida Keys/Pods-Captain Pip's Florida Keys.release.xcconfig"; sourceTree = "<group>"; };
/* End PBXFileReference section */

/* Begin PBXFrameworksBuildPhase section */
		041B60CE1C5B9D2700C6AB78 /* Frameworks */ = {
			isa = PBXFrameworksBuildPhase;
			buildActionMask = 2147483647;
			files = (
				04E70FC31C63943400A0685E /* MapKit.framework in Frameworks */,
				BB924BE99C12DDC653526E99 /* libPods-Captain Pip's Florida Keys.a in Frameworks */,
			);
			runOnlyForDeploymentPostprocessing = 0;
		};
/* End PBXFrameworksBuildPhase section */

/* Begin PBXGroup section */
		041B60C81C5B9D2700C6AB78 = {
			isa = PBXGroup;
			children = (
				044AE04B1C5BB71300493AFB /* Support */,
				041B60D31C5B9D2700C6AB78 /* Captain Pip's Florida Keys */,
				041B60D21C5B9D2700C6AB78 /* Products */,
				9BDC3B7B921B3E8420671E8E /* Pods */,
				9A3103D02EB8474D8AF5BEC5 /* Frameworks */,
			);
			sourceTree = "<group>";
		};
		041B60D21C5B9D2700C6AB78 /* Products */ = {
			isa = PBXGroup;
			children = (
				041B60D11C5B9D2700C6AB78 /* Captain Pip's Florida Keys.app */,
			);
			name = Products;
			sourceTree = "<group>";
		};
		041B60D31C5B9D2700C6AB78 /* Captain Pip's Florida Keys */ = {
			isa = PBXGroup;
			children = (
				041B610E1C5BAE4900C6AB78 /* AppDelegate */,
				041B61091C5BAB8200C6AB78 /* Model */,
				049307641C60FBE0007F5BAD /* View */,
				041B61071C5BA76400C6AB78 /* ViewController */,
				041B60E01C5B9D2700C6AB78 /* Assets.xcassets */,
				041B60E21C5B9D2700C6AB78 /* LaunchScreen.storyboard */,
				041B60E51C5B9D2700C6AB78 /* Info.plist */,
				041B60D41C5B9D2700C6AB78 /* Supporting Files */,
			);
			path = "Captain Pip's Florida Keys";
			sourceTree = "<group>";
		};
		041B60D41C5B9D2700C6AB78 /* Supporting Files */ = {
			isa = PBXGroup;
			children = (
				041B60D51C5B9D2700C6AB78 /* main.m */,
			);
			name = "Supporting Files";
			sourceTree = "<group>";
		};
		041B61071C5BA76400C6AB78 /* ViewController */ = {
			isa = PBXGroup;
			children = (
				04F170F11C662F920064FC40 /* FAQViewController */,
				04F170F21C662F920064FC40 /* SettingsViewController */,
				04F170EB1C662E160064FC40 /* EventsViewController */,
				04E70FE91C63D92E00A0685E /* OfferViewController */,
				0493078E1C629284007F5BAD /* BaseViewController */,
				049307881C6283CA007F5BAD /* CouponDetailsViewController */,
				04E629361C5E7FEC00CD9C97 /* PunchViewController */,
				04E6292A1C5E7E3000CD9C97 /* CouponTableViewController */,
				044AE05C1C5BF2DD00493AFB /* CouponViewController */,
				044AE0541C5BE3F600493AFB /* LaunchViewController */,
				041B61121C5BAEB100C6AB78 /* SignInViewController */,
			);
			path = ViewController;
			sourceTree = "<group>";
		};
		041B61091C5BAB8200C6AB78 /* Model */ = {
			isa = PBXGroup;
			children = (
				04F171161C6682240064FC40 /* Event */,
				0493077F1C613620007F5BAD /* FKRequestManager */,
				0493077B1C613600007F5BAD /* CouponObject */,
				04E629161C5CDEAE00CD9C97 /* Categories */,
				044AE0501C5BD59D00493AFB /* FKManager */,
			);
			path = Model;
			sourceTree = "<group>";
		};
		041B610E1C5BAE4900C6AB78 /* AppDelegate */ = {
			isa = PBXGroup;
			children = (
				041B610F1C5BAE4900C6AB78 /* AppDelegate.h */,
				041B61101C5BAE4900C6AB78 /* AppDelegate.m */,
			);
			path = AppDelegate;
			sourceTree = "<group>";
		};
		041B61121C5BAEB100C6AB78 /* SignInViewController */ = {
			isa = PBXGroup;
			children = (
				041B61131C5BAEE500C6AB78 /* FKSignInViewController.h */,
				041B61141C5BAEE500C6AB78 /* FKSignInViewController.m */,
				044AE0621C5BFC4000493AFB /* FKSignInViewController.xib */,
			);
			path = SignInViewController;
			sourceTree = "<group>";
		};
		044AE04B1C5BB71300493AFB /* Support */ = {
			isa = PBXGroup;
			children = (
				04E70FC41C63D76C00A0685E /* FontRoboto */,
				041B61161C5BB00400C6AB78 /* Globals.h */,
				044AE04C1C5BB71300493AFB /* FloridaKeysPrefixHeader.pch */,
			);
			path = Support;
			sourceTree = "<group>";
		};
		044AE0501C5BD59D00493AFB /* FKManager */ = {
			isa = PBXGroup;
			children = (
				044AE0511C5BD59D00493AFB /* FKManager.h */,
				044AE0521C5BD59D00493AFB /* FKManager.m */,
			);
			path = FKManager;
			sourceTree = "<group>";
		};
		044AE0541C5BE3F600493AFB /* LaunchViewController */ = {
			isa = PBXGroup;
			children = (
				044AE0551C5BE41400493AFB /* FKLaunchViewController.h */,
				044AE0561C5BE41400493AFB /* FKLaunchViewController.m */,
				044AE05A1C5BE48400493AFB /* FKLaunchViewController.xib */,
			);
			path = LaunchViewController;
			sourceTree = "<group>";
		};
		044AE05C1C5BF2DD00493AFB /* CouponViewController */ = {
			isa = PBXGroup;
			children = (
				044AE05D1C5BF2FB00493AFB /* FKCouponViewController.h */,
				044AE05E1C5BF2FB00493AFB /* FKCouponViewController.m */,
				044AE05F1C5BF2FB00493AFB /* FKCouponViewController.xib */,
			);
			path = CouponViewController;
			sourceTree = "<group>";
		};
		049307641C60FBE0007F5BAD /* View */ = {
			isa = PBXGroup;
			children = (
				04F171001C6673CB0064FC40 /* Custom */,
				0493076A1C60FC1E007F5BAD /* TableViewCell */,
			);
			path = View;
			sourceTree = "<group>";
		};
		0493076A1C60FC1E007F5BAD /* TableViewCell */ = {
			isa = PBXGroup;
			children = (
				04F171101C667A330064FC40 /* EventTableViewCell */,
				0493076B1C60FC1E007F5BAD /* CouponTableViewCell */,
			);
			path = TableViewCell;
			sourceTree = "<group>";
		};
		0493076B1C60FC1E007F5BAD /* CouponTableViewCell */ = {
			isa = PBXGroup;
			children = (
				0493076C1C60FC1E007F5BAD /* FKCouponTableViewCell.h */,
				0493076D1C60FC1E007F5BAD /* FKCouponTableViewCell.m */,
				0493076E1C60FC1E007F5BAD /* FKCouponTableViewCell.xib */,
			);
			path = CouponTableViewCell;
			sourceTree = "<group>";
		};
		0493077B1C613600007F5BAD /* CouponObject */ = {
			isa = PBXGroup;
			children = (
				0493077C1C613600007F5BAD /* FKCouponObject.h */,
				0493077D1C613600007F5BAD /* FKCouponObject.m */,
			);
			path = CouponObject;
			sourceTree = "<group>";
		};
		0493077F1C613620007F5BAD /* FKRequestManager */ = {
			isa = PBXGroup;
			children = (
				049307801C613620007F5BAD /* FKRequestManager.h */,
				049307811C613620007F5BAD /* FKRequestManager.m */,
			);
			path = FKRequestManager;
			sourceTree = "<group>";
		};
		049307881C6283CA007F5BAD /* CouponDetailsViewController */ = {
			isa = PBXGroup;
			children = (
				049307891C6283CA007F5BAD /* FKCouponDetailsViewController.h */,
				0493078A1C6283CA007F5BAD /* FKCouponDetailsViewController.m */,
				0493078B1C6283CA007F5BAD /* FKCouponDetailsViewController.xib */,
			);
			path = CouponDetailsViewController;
			sourceTree = "<group>";
		};
		0493078E1C629284007F5BAD /* BaseViewController */ = {
			isa = PBXGroup;
			children = (
				0493078F1C6292A5007F5BAD /* FKBaseViewController.h */,
				049307901C6292A5007F5BAD /* FKBaseViewController.m */,
			);
			path = BaseViewController;
			sourceTree = "<group>";
		};
		04E629161C5CDEAE00CD9C97 /* Categories */ = {
			isa = PBXGroup;
			children = (
				04E629171C5CDED000CD9C97 /* NSString+FKString.h */,
				04E629181C5CDED000CD9C97 /* NSString+FKString.m */,
				04E6291A1C5CF22100CD9C97 /* NSDictionary+FKDictionary.h */,
				04E6291B1C5CF22100CD9C97 /* NSDictionary+FKDictionary.m */,
				049307711C610236007F5BAD /* UIFont+FKFont.h */,
				049307721C610236007F5BAD /* UIFont+FKFont.m */,
				04F170FD1C6662960064FC40 /* UIImage+animatedGIF.h */,
				04F170FE1C6662960064FC40 /* UIImage+animatedGIF.m */,
			);
			path = Categories;
			sourceTree = "<group>";
		};
		04E6292A1C5E7E3000CD9C97 /* CouponTableViewController */ = {
			isa = PBXGroup;
			children = (
				04E6292B1C5E7E8E00CD9C97 /* FKCouponTableViewController.h */,
				04E6292C1C5E7E8E00CD9C97 /* FKCouponTableViewController.m */,
				049307761C610568007F5BAD /* FKCouponTableViewController.xib */,
			);
			path = CouponTableViewController;
			sourceTree = "<group>";
		};
		04E629361C5E7FEC00CD9C97 /* PunchViewController */ = {
			isa = PBXGroup;
			children = (
				04E629371C5E7FEC00CD9C97 /* FKPunchViewController.h */,
				04E629381C5E7FEC00CD9C97 /* FKPunchViewController.m */,
				04E629391C5E7FEC00CD9C97 /* FKPunchViewController.xib */,
			);
			path = PunchViewController;
			sourceTree = "<group>";
		};
		04E70FC41C63D76C00A0685E /* FontRoboto */ = {
			isa = PBXGroup;
			children = (
				04E70FC51C63D78000A0685E /* Roboto-Black.ttf */,
				04E70FC61C63D78000A0685E /* Roboto-BlackItalic.ttf */,
				04E70FC71C63D78000A0685E /* Roboto-Bold.ttf */,
				04E70FC81C63D78000A0685E /* Roboto-BoldItalic.ttf */,
				04E70FC91C63D78000A0685E /* Roboto-Italic.ttf */,
				04E70FCA1C63D78000A0685E /* Roboto-Light.ttf */,
				04E70FCB1C63D78000A0685E /* Roboto-LightItalic.ttf */,
				04E70FCC1C63D78000A0685E /* Roboto-Medium.ttf */,
				04E70FCD1C63D78000A0685E /* Roboto-MediumItalic.ttf */,
				04E70FCE1C63D78000A0685E /* Roboto-Regular.ttf */,
				04E70FCF1C63D78000A0685E /* Roboto-Thin.ttf */,
				04E70FD01C63D78000A0685E /* Roboto-ThinItalic.ttf */,
				04E70FD11C63D78000A0685E /* RobotoCondensed-Bold.ttf */,
				04E70FD21C63D78000A0685E /* RobotoCondensed-BoldItalic.ttf */,
				04E70FD31C63D78000A0685E /* RobotoCondensed-Italic.ttf */,
				04E70FD41C63D78000A0685E /* RobotoCondensed-Light.ttf */,
				04E70FD51C63D78000A0685E /* RobotoCondensed-LightItalic.ttf */,
				04E70FD61C63D78000A0685E /* RobotoCondensed-Regular.ttf */,
			);
			path = FontRoboto;
			sourceTree = "<group>";
		};
		04E70FE91C63D92E00A0685E /* OfferViewController */ = {
			isa = PBXGroup;
			children = (
				04E70FEA1C63D95C00A0685E /* FKOfferViewController.h */,
				04E70FEB1C63D95C00A0685E /* FKOfferViewController.m */,
				04E70FEC1C63D95C00A0685E /* FKOfferViewController.xib */,
			);
			path = OfferViewController;
			sourceTree = "<group>";
		};
		04F170EB1C662E160064FC40 /* EventsViewController */ = {
			isa = PBXGroup;
			children = (
				04F170EC1C662E2A0064FC40 /* FKEventsViewController.h */,
				04F170ED1C662E2A0064FC40 /* FKEventsViewController.m */,
				04F170EE1C662E2A0064FC40 /* FKEventsViewController.xib */,
			);
			path = EventsViewController;
			sourceTree = "<group>";
		};
		04F170F11C662F920064FC40 /* FAQViewController */ = {
			isa = PBXGroup;
			children = (
				04F170F81C66306A0064FC40 /* FKFAQViewController.h */,
				04F170F91C66306A0064FC40 /* FKFAQViewController.m */,
				04F170FA1C66306A0064FC40 /* FKFAQViewController.xib */,
			);
			path = FAQViewController;
			sourceTree = "<group>";
		};
		04F170F21C662F920064FC40 /* SettingsViewController */ = {
			isa = PBXGroup;
			children = (
				04F170F31C66304F0064FC40 /* FKSettingsViewController.h */,
				04F170F41C66304F0064FC40 /* FKSettingsViewController.m */,
				04F170F51C66304F0064FC40 /* FKSettingsViewController.xib */,
			);
			path = SettingsViewController;
			sourceTree = "<group>";
		};
		04F171001C6673CB0064FC40 /* Custom */ = {
			isa = PBXGroup;
			children = (
				04F171011C6673CB0064FC40 /* CKCalendarView */,
			);
			path = Custom;
			sourceTree = "<group>";
		};
		04F171011C6673CB0064FC40 /* CKCalendarView */ = {
			isa = PBXGroup;
			children = (
				04F171021C6673CB0064FC40 /* CKCalendarView.h */,
				04F171031C6673CB0064FC40 /* CKCalendarView.m */,
			);
			path = CKCalendarView;
			sourceTree = "<group>";
		};
		04F171101C667A330064FC40 /* EventTableViewCell */ = {
			isa = PBXGroup;
			children = (
				04F171111C667A330064FC40 /* FKEventTableViewCell.h */,
				04F171121C667A330064FC40 /* FKEventTableViewCell.m */,
				04F171131C667A330064FC40 /* FKEventTableViewCell.xib */,
			);
			path = EventTableViewCell;
			sourceTree = "<group>";
		};
		04F171161C6682240064FC40 /* Event */ = {
			isa = PBXGroup;
			children = (
				04F171171C6682350064FC40 /* FKEvent.h */,
				04F171181C6682350064FC40 /* FKEvent.m */,
			);
			path = Event;
			sourceTree = "<group>";
		};
		9A3103D02EB8474D8AF5BEC5 /* Frameworks */ = {
			isa = PBXGroup;
			children = (
				04E70FC21C63943400A0685E /* MapKit.framework */,
				A3733B9E61C7E5BA9549C3B8 /* libPods-Captain Pip's Florida Keys.a */,
			);
			name = Frameworks;
			sourceTree = "<group>";
		};
		9BDC3B7B921B3E8420671E8E /* Pods */ = {
			isa = PBXGroup;
			children = (
				828F1E531EADAAC5B7958806 /* Pods-Captain Pip's Florida Keys.debug.xcconfig */,
				F4D179EF4432E6C7F97A2909 /* Pods-Captain Pip's Florida Keys.release.xcconfig */,
			);
			name = Pods;
			sourceTree = "<group>";
		};
/* End PBXGroup section */

/* Begin PBXNativeTarget section */
		041B60D01C5B9D2700C6AB78 /* Captain Pip's Florida Keys */ = {
			isa = PBXNativeTarget;
			buildConfigurationList = 041B60E81C5B9D2700C6AB78 /* Build configuration list for PBXNativeTarget "Captain Pip's Florida Keys" */;
			buildPhases = (
				4B0370DCEE8AEA3D048011FA /* Check Pods Manifest.lock */,
				041B60CD1C5B9D2700C6AB78 /* Sources */,
				041B60CE1C5B9D2700C6AB78 /* Frameworks */,
				041B60CF1C5B9D2700C6AB78 /* Resources */,
				9220AFB87FE3568E18EEBBE3 /* Embed Pods Frameworks */,
				38A24F61FC9877423BCA94E7 /* Copy Pods Resources */,
			);
			buildRules = (
			);
			dependencies = (
			);
			name = "Captain Pip's Florida Keys";
			productName = "Captain Pip's Florida Keys";
			productReference = 041B60D11C5B9D2700C6AB78 /* Captain Pip's Florida Keys.app */;
			productType = "com.apple.product-type.application";
		};
/* End PBXNativeTarget section */

/* Begin PBXProject section */
		041B60C91C5B9D2700C6AB78 /* Project object */ = {
			isa = PBXProject;
			attributes = {
				CLASSPREFIX = FK;
				LastUpgradeCheck = 0720;
				ORGANIZATIONNAME = "Khasan Abdullaev";
				TargetAttributes = {
					041B60D01C5B9D2700C6AB78 = {
						CreatedOnToolsVersion = 7.2;
					};
				};
			};
			buildConfigurationList = 041B60CC1C5B9D2700C6AB78 /* Build configuration list for PBXProject "Florida Keys" */;
			compatibilityVersion = "Xcode 3.2";
			developmentRegion = English;
			hasScannedForEncodings = 0;
			knownRegions = (
				en,
				Base,
			);
			mainGroup = 041B60C81C5B9D2700C6AB78;
			productRefGroup = 041B60D21C5B9D2700C6AB78 /* Products */;
			projectDirPath = "";
			projectRoot = "";
			targets = (
				041B60D01C5B9D2700C6AB78 /* Captain Pip's Florida Keys */,
			);
		};
/* End PBXProject section */

/* Begin PBXResourcesBuildPhase section */
		041B60CF1C5B9D2700C6AB78 /* Resources */ = {
			isa = PBXResourcesBuildPhase;
			buildActionMask = 2147483647;
			files = (
				04F170FC1C66306A0064FC40 /* FKFAQViewController.xib in Resources */,
				04E70FE41C63D78000A0685E /* RobotoCondensed-BoldItalic.ttf in Resources */,
				04E6293B1C5E7FEC00CD9C97 /* FKPunchViewController.xib in Resources */,
				041B60E41C5B9D2700C6AB78 /* LaunchScreen.storyboard in Resources */,
				04E70FDD1C63D78000A0685E /* Roboto-LightItalic.ttf in Resources */,
				04E70FE71C63D78000A0685E /* RobotoCondensed-LightItalic.ttf in Resources */,
				04E70FE21C63D78000A0685E /* Roboto-ThinItalic.ttf in Resources */,
				04E70FE81C63D78000A0685E /* RobotoCondensed-Regular.ttf in Resources */,
				04E70FDE1C63D78000A0685E /* Roboto-Medium.ttf in Resources */,
				04E70FDC1C63D78000A0685E /* Roboto-Light.ttf in Resources */,
				04E70FD91C63D78000A0685E /* Roboto-Bold.ttf in Resources */,
				041B60E11C5B9D2700C6AB78 /* Assets.xcassets in Resources */,
				04F171151C667A330064FC40 /* FKEventTableViewCell.xib in Resources */,
				04E70FDA1C63D78000A0685E /* Roboto-BoldItalic.ttf in Resources */,
				04E70FE11C63D78000A0685E /* Roboto-Thin.ttf in Resources */,
				04E70FE31C63D78000A0685E /* RobotoCondensed-Bold.ttf in Resources */,
				044AE0631C5BFC4000493AFB /* FKSignInViewController.xib in Resources */,
				044AE05B1C5BE48400493AFB /* FKLaunchViewController.xib in Resources */,
				04E70FE61C63D78000A0685E /* RobotoCondensed-Light.ttf in Resources */,
				049307701C60FC1E007F5BAD /* FKCouponTableViewCell.xib in Resources */,
				04E70FD81C63D78000A0685E /* Roboto-BlackItalic.ttf in Resources */,
				049307771C610568007F5BAD /* FKCouponTableViewController.xib in Resources */,
				04F170F71C66304F0064FC40 /* FKSettingsViewController.xib in Resources */,
				04E70FEE1C63D95C00A0685E /* FKOfferViewController.xib in Resources */,
				04F170F01C662E2A0064FC40 /* FKEventsViewController.xib in Resources */,
				04E70FE51C63D78000A0685E /* RobotoCondensed-Italic.ttf in Resources */,
				04E70FD71C63D78000A0685E /* Roboto-Black.ttf in Resources */,
				04E70FDB1C63D78000A0685E /* Roboto-Italic.ttf in Resources */,
				04E70FE01C63D78000A0685E /* Roboto-Regular.ttf in Resources */,
				0493078D1C6283CA007F5BAD /* FKCouponDetailsViewController.xib in Resources */,
				04E70FDF1C63D78000A0685E /* Roboto-MediumItalic.ttf in Resources */,
				044AE0611C5BF2FB00493AFB /* FKCouponViewController.xib in Resources */,
			);
			runOnlyForDeploymentPostprocessing = 0;
		};
/* End PBXResourcesBuildPhase section */

/* Begin PBXShellScriptBuildPhase section */
		38A24F61FC9877423BCA94E7 /* Copy Pods Resources */ = {
			isa = PBXShellScriptBuildPhase;
			buildActionMask = 2147483647;
			files = (
			);
			inputPaths = (
			);
			name = "Copy Pods Resources";
			outputPaths = (
			);
			runOnlyForDeploymentPostprocessing = 0;
			shellPath = /bin/sh;
			shellScript = "\"${SRCROOT}/Pods/Target Support Files/Pods-Captain Pip's Florida Keys/Pods-Captain Pip's Florida Keys-resources.sh\"\n";
			showEnvVarsInLog = 0;
		};
		4B0370DCEE8AEA3D048011FA /* Check Pods Manifest.lock */ = {
			isa = PBXShellScriptBuildPhase;
			buildActionMask = 2147483647;
			files = (
			);
			inputPaths = (
			);
			name = "Check Pods Manifest.lock";
			outputPaths = (
			);
			runOnlyForDeploymentPostprocessing = 0;
			shellPath = /bin/sh;
			shellScript = "diff \"${PODS_ROOT}/../Podfile.lock\" \"${PODS_ROOT}/Manifest.lock\" > /dev/null\nif [[ $? != 0 ]] ; then\n    cat << EOM\nerror: The sandbox is not in sync with the Podfile.lock. Run 'pod install' or update your CocoaPods installation.\nEOM\n    exit 1\nfi\n";
			showEnvVarsInLog = 0;
		};
		9220AFB87FE3568E18EEBBE3 /* Embed Pods Frameworks */ = {
			isa = PBXShellScriptBuildPhase;
			buildActionMask = 2147483647;
			files = (
			);
			inputPaths = (
			);
			name = "Embed Pods Frameworks";
			outputPaths = (
			);
			runOnlyForDeploymentPostprocessing = 0;
			shellPath = /bin/sh;
			shellScript = "\"${SRCROOT}/Pods/Target Support Files/Pods-Captain Pip's Florida Keys/Pods-Captain Pip's Florida Keys-frameworks.sh\"\n";
			showEnvVarsInLog = 0;
		};
/* End PBXShellScriptBuildPhase section */

/* Begin PBXSourcesBuildPhase section */
		041B60CD1C5B9D2700C6AB78 /* Sources */ = {
			isa = PBXSourcesBuildPhase;
			buildActionMask = 2147483647;
			files = (
				04E6292E1C5E7E8E00CD9C97 /* FKCouponTableViewController.m in Sources */,
				04E70FED1C63D95C00A0685E /* FKOfferViewController.m in Sources */,
				044AE0531C5BD59D00493AFB /* FKManager.m in Sources */,
				049307821C613620007F5BAD /* FKRequestManager.m in Sources */,
				0493076F1C60FC1E007F5BAD /* FKCouponTableViewCell.m in Sources */,
				049307911C6292A5007F5BAD /* FKBaseViewController.m in Sources */,
				04E629191C5CDED000CD9C97 /* NSString+FKString.m in Sources */,
				049307731C610236007F5BAD /* UIFont+FKFont.m in Sources */,
				04F171041C6673CB0064FC40 /* CKCalendarView.m in Sources */,
				044AE0601C5BF2FB00493AFB /* FKCouponViewController.m in Sources */,
				0493077E1C613600007F5BAD /* FKCouponObject.m in Sources */,
				04F170EF1C662E2A0064FC40 /* FKEventsViewController.m in Sources */,
				04E6293A1C5E7FEC00CD9C97 /* FKPunchViewController.m in Sources */,
				0493078C1C6283CA007F5BAD /* FKCouponDetailsViewController.m in Sources */,
				04F171141C667A330064FC40 /* FKEventTableViewCell.m in Sources */,
				04F170FF1C6662960064FC40 /* UIImage+animatedGIF.m in Sources */,
				04E6291C1C5CF22100CD9C97 /* NSDictionary+FKDictionary.m in Sources */,
				044AE0571C5BE41400493AFB /* FKLaunchViewController.m in Sources */,
				041B60D61C5B9D2700C6AB78 /* main.m in Sources */,
				04F170FB1C66306A0064FC40 /* FKFAQViewController.m in Sources */,
				041B61111C5BAE4900C6AB78 /* AppDelegate.m in Sources */,
				04F170F61C66304F0064FC40 /* FKSettingsViewController.m in Sources */,
				041B61151C5BAEE500C6AB78 /* FKSignInViewController.m in Sources */,
				04F171191C6682350064FC40 /* FKEvent.m in Sources */,
			);
			runOnlyForDeploymentPostprocessing = 0;
		};
/* End PBXSourcesBuildPhase section */

/* Begin PBXVariantGroup section */
		041B60E21C5B9D2700C6AB78 /* LaunchScreen.storyboard */ = {
			isa = PBXVariantGroup;
			children = (
				041B60E31C5B9D2700C6AB78 /* Base */,
			);
			name = LaunchScreen.storyboard;
			sourceTree = "<group>";
		};
/* End PBXVariantGroup section */

/* Begin XCBuildConfiguration section */
		041B60E61C5B9D2700C6AB78 /* Debug */ = {
			isa = XCBuildConfiguration;
			buildSettings = {
				ALWAYS_SEARCH_USER_PATHS = NO;
				CLANG_CXX_LANGUAGE_STANDARD = "gnu++0x";
				CLANG_CXX_LIBRARY = "libc++";
				CLANG_ENABLE_MODULES = YES;
				CLANG_ENABLE_OBJC_ARC = YES;
				CLANG_WARN_BOOL_CONVERSION = YES;
				CLANG_WARN_CONSTANT_CONVERSION = YES;
				CLANG_WARN_DIRECT_OBJC_ISA_USAGE = YES_ERROR;
				CLANG_WARN_EMPTY_BODY = YES;
				CLANG_WARN_ENUM_CONVERSION = YES;
				CLANG_WARN_INT_CONVERSION = YES;
				CLANG_WARN_OBJC_ROOT_CLASS = YES_ERROR;
				CLANG_WARN_UNREACHABLE_CODE = YES;
				CLANG_WARN__DUPLICATE_METHOD_MATCH = YES;
				"CODE_SIGN_IDENTITY[sdk=iphoneos*]" = "iPhone Developer";
				COPY_PHASE_STRIP = NO;
				DEBUG_INFORMATION_FORMAT = dwarf;
				ENABLE_STRICT_OBJC_MSGSEND = YES;
				ENABLE_TESTABILITY = YES;
				GCC_C_LANGUAGE_STANDARD = gnu99;
				GCC_DYNAMIC_NO_PIC = NO;
				GCC_NO_COMMON_BLOCKS = YES;
				GCC_OPTIMIZATION_LEVEL = 0;
				GCC_PREFIX_HEADER = "";
				GCC_PREPROCESSOR_DEFINITIONS = (
					"DEBUG=1",
					"$(inherited)",
				);
				GCC_WARN_64_TO_32_BIT_CONVERSION = YES;
				GCC_WARN_ABOUT_RETURN_TYPE = YES_ERROR;
				GCC_WARN_UNDECLARED_SELECTOR = YES;
				GCC_WARN_UNINITIALIZED_AUTOS = YES_AGGRESSIVE;
				GCC_WARN_UNUSED_FUNCTION = YES;
				GCC_WARN_UNUSED_VARIABLE = YES;
				IPHONEOS_DEPLOYMENT_TARGET = 8.1;
				MTL_ENABLE_DEBUG_INFO = YES;
				ONLY_ACTIVE_ARCH = YES;
				SDKROOT = iphoneos;
			};
			name = Debug;
		};
		041B60E71C5B9D2700C6AB78 /* Release */ = {
			isa = XCBuildConfiguration;
			buildSettings = {
				ALWAYS_SEARCH_USER_PATHS = NO;
				CLANG_CXX_LANGUAGE_STANDARD = "gnu++0x";
				CLANG_CXX_LIBRARY = "libc++";
				CLANG_ENABLE_MODULES = YES;
				CLANG_ENABLE_OBJC_ARC = YES;
				CLANG_WARN_BOOL_CONVERSION = YES;
				CLANG_WARN_CONSTANT_CONVERSION = YES;
				CLANG_WARN_DIRECT_OBJC_ISA_USAGE = YES_ERROR;
				CLANG_WARN_EMPTY_BODY = YES;
				CLANG_WARN_ENUM_CONVERSION = YES;
				CLANG_WARN_INT_CONVERSION = YES;
				CLANG_WARN_OBJC_ROOT_CLASS = YES_ERROR;
				CLANG_WARN_UNREACHABLE_CODE = YES;
				CLANG_WARN__DUPLICATE_METHOD_MATCH = YES;
				"CODE_SIGN_IDENTITY[sdk=iphoneos*]" = "iPhone Developer";
				COPY_PHASE_STRIP = NO;
				DEBUG_INFORMATION_FORMAT = "dwarf-with-dsym";
				ENABLE_NS_ASSERTIONS = NO;
				ENABLE_STRICT_OBJC_MSGSEND = YES;
				GCC_C_LANGUAGE_STANDARD = gnu99;
				GCC_NO_COMMON_BLOCKS = YES;
				GCC_PREFIX_HEADER = "";
				GCC_WARN_64_TO_32_BIT_CONVERSION = YES;
				GCC_WARN_ABOUT_RETURN_TYPE = YES_ERROR;
				GCC_WARN_UNDECLARED_SELECTOR = YES;
				GCC_WARN_UNINITIALIZED_AUTOS = YES_AGGRESSIVE;
				GCC_WARN_UNUSED_FUNCTION = YES;
				GCC_WARN_UNUSED_VARIABLE = YES;
				IPHONEOS_DEPLOYMENT_TARGET = 8.1;
				MTL_ENABLE_DEBUG_INFO = NO;
				SDKROOT = iphoneos;
				VALIDATE_PRODUCT = YES;
			};
			name = Release;
		};
		041B60E91C5B9D2700C6AB78 /* Debug */ = {
			isa = XCBuildConfiguration;
			baseConfigurationReference = 828F1E531EADAAC5B7958806 /* Pods-Captain Pip's Florida Keys.debug.xcconfig */;
			buildSettings = {
				ASSETCATALOG_COMPILER_APPICON_NAME = AppIcon;
				GCC_PREFIX_HEADER = Support/FloridaKeysPrefixHeader.pch;
				GCC_PREPROCESSOR_DEFINITIONS = (
					"$(inherited)",
					"COCOAPODS=1",
					"CAPTAIN_PIPS_FLORIDA_KEYS=1",
				);
				INFOPLIST_FILE = "Captain Pip's Florida Keys/Info.plist";
				LD_RUNPATH_SEARCH_PATHS = "$(inherited) @executable_path/Frameworks";
				PRODUCT_BUNDLE_IDENTIFIER = "com.digitalarrowtech.Captain-Pip-s-Florida-Keys";
				PRODUCT_NAME = "$(TARGET_NAME)";
				TARGETED_DEVICE_FAMILY = "1,2";
			};
			name = Debug;
		};
		041B60EA1C5B9D2700C6AB78 /* Release */ = {
			isa = XCBuildConfiguration;
			baseConfigurationReference = F4D179EF4432E6C7F97A2909 /* Pods-Captain Pip's Florida Keys.release.xcconfig */;
			buildSettings = {
				ASSETCATALOG_COMPILER_APPICON_NAME = AppIcon;
				GCC_PREFIX_HEADER = Support/FloridaKeysPrefixHeader.pch;
				GCC_PREPROCESSOR_DEFINITIONS = (
					"$(inherited)",
					"COCOAPODS=1",
					"CAPTAIN_PIPS_FLORIDA_KEYS=1",
				);
				INFOPLIST_FILE = "Captain Pip's Florida Keys/Info.plist";
				LD_RUNPATH_SEARCH_PATHS = "$(inherited) @executable_path/Frameworks";
				PRODUCT_BUNDLE_IDENTIFIER = "com.digitalarrowtech.Captain-Pip-s-Florida-Keys";
				PRODUCT_NAME = "$(TARGET_NAME)";
				TARGETED_DEVICE_FAMILY = "1,2";
			};
			name = Release;
		};
/* End XCBuildConfiguration section */

/* Begin XCConfigurationList section */
		041B60CC1C5B9D2700C6AB78 /* Build configuration list for PBXProject "Florida Keys" */ = {
			isa = XCConfigurationList;
			buildConfigurations = (
				041B60E61C5B9D2700C6AB78 /* Debug */,
				041B60E71C5B9D2700C6AB78 /* Release */,
			);
			defaultConfigurationIsVisible = 0;
			defaultConfigurationName = Release;
		};
		041B60E81C5B9D2700C6AB78 /* Build configuration list for PBXNativeTarget "Captain Pip's Florida Keys" */ = {
			isa = XCConfigurationList;
			buildConfigurations = (
				041B60E91C5B9D2700C6AB78 /* Debug */,
				041B60EA1C5B9D2700C6AB78 /* Release */,
			);
			defaultConfigurationIsVisible = 0;
			defaultConfigurationName = Release;
		};
/* End XCConfigurationList section */
	};
	rootObject = 041B60C91C5B9D2700C6AB78 /* Project object */;
}
