// !$*UTF8*$!
{
	archiveVersion = 1;
	classes = {
	};
	objectVersion = 46;
	objects = {

/* Begin PBXBuildFile section */
		041B60D61C5B9D2700C6AB78 /* main.m in Sources */ = {isa = PBXBuildFile; fileRef = 041B60D51C5B9D2700C6AB78 /* main.m */; };
		041B60E11C5B9D2700C6AB78 /* Assets.xcassets in Resources */ = {isa = PBXBuildFile; fileRef = 041B60E01C5B9D2700C6AB78 /* Assets.xcassets */; };
		041B60E41C5B9D2700C6AB78 /* LaunchScreen.storyboard in Resources */ = {isa = PBXBuildFile; fileRef = 041B60E21C5B9D2700C6AB78 /* LaunchScreen.storyboard */; };
		041B610D1C5BADAE00C6AB78 /* FKRequestManager.m in Sources */ = {isa = PBXBuildFile; fileRef = 041B610C1C5BADAE00C6AB78 /* FKRequestManager.m */; };
		041B61111C5BAE4900C6AB78 /* AppDelegate.m in Sources */ = {isa = PBXBuildFile; fileRef = 041B61101C5BAE4900C6AB78 /* AppDelegate.m */; };
		041B61151C5BAEE500C6AB78 /* FKSignInViewController.m in Sources */ = {isa = PBXBuildFile; fileRef = 041B61141C5BAEE500C6AB78 /* FKSignInViewController.m */; };
		044AE0531C5BD59D00493AFB /* FKManager.m in Sources */ = {isa = PBXBuildFile; fileRef = 044AE0521C5BD59D00493AFB /* FKManager.m */; };
		044AE0571C5BE41400493AFB /* FKLaunchViewController.m in Sources */ = {isa = PBXBuildFile; fileRef = 044AE0561C5BE41400493AFB /* FKLaunchViewController.m */; };
		044AE05B1C5BE48400493AFB /* FKLaunchViewController.xib in Resources */ = {isa = PBXBuildFile; fileRef = 044AE05A1C5BE48400493AFB /* FKLaunchViewController.xib */; };
		044AE0601C5BF2FB00493AFB /* FKCouponViewController.m in Sources */ = {isa = PBXBuildFile; fileRef = 044AE05E1C5BF2FB00493AFB /* FKCouponViewController.m */; };
		044AE0611C5BF2FB00493AFB /* FKCouponViewController.xib in Resources */ = {isa = PBXBuildFile; fileRef = 044AE05F1C5BF2FB00493AFB /* FKCouponViewController.xib */; };
		044AE0631C5BFC4000493AFB /* FKSignInViewController.xib in Resources */ = {isa = PBXBuildFile; fileRef = 044AE0621C5BFC4000493AFB /* FKSignInViewController.xib */; };
		04E629191C5CDED000CD9C97 /* NSString+FKString.m in Sources */ = {isa = PBXBuildFile; fileRef = 04E629181C5CDED000CD9C97 /* NSString+FKString.m */; };
		04E6291C1C5CF22100CD9C97 /* NSDictionary+FKDictionary.m in Sources */ = {isa = PBXBuildFile; fileRef = 04E6291B1C5CF22100CD9C97 /* NSDictionary+FKDictionary.m */; };
		04E629291C5E7D4000CD9C97 /* MHTabBarController.m in Sources */ = {isa = PBXBuildFile; fileRef = 04E629281C5E7D4000CD9C97 /* MHTabBarController.m */; };
		04E6292E1C5E7E8E00CD9C97 /* FKCouponTableViewController.m in Sources */ = {isa = PBXBuildFile; fileRef = 04E6292C1C5E7E8E00CD9C97 /* FKCouponTableViewController.m */; };
		04E6292F1C5E7E8E00CD9C97 /* FKCouponTableViewController.xib in Resources */ = {isa = PBXBuildFile; fileRef = 04E6292D1C5E7E8E00CD9C97 /* FKCouponTableViewController.xib */; };
		04E6293A1C5E7FEC00CD9C97 /* FKPunchViewController.m in Sources */ = {isa = PBXBuildFile; fileRef = 04E629381C5E7FEC00CD9C97 /* FKPunchViewController.m */; };
		04E6293B1C5E7FEC00CD9C97 /* FKPunchViewController.xib in Resources */ = {isa = PBXBuildFile; fileRef = 04E629391C5E7FEC00CD9C97 /* FKPunchViewController.xib */; };
		BB924BE99C12DDC653526E99 /* libPods-Captain Pip's Florida Keys.a in Frameworks */ = {isa = PBXBuildFile; fileRef = A3733B9E61C7E5BA9549C3B8 /* libPods-Captain Pip's Florida Keys.a */; };
/* End PBXBuildFile section */

/* Begin PBXFileReference section */
		041B60D11C5B9D2700C6AB78 /* Captain Pip's Florida Keys.app */ = {isa = PBXFileReference; explicitFileType = wrapper.application; includeInIndex = 0; path = "Captain Pip's Florida Keys.app"; sourceTree = BUILT_PRODUCTS_DIR; };
		041B60D51C5B9D2700C6AB78 /* main.m */ = {isa = PBXFileReference; lastKnownFileType = sourcecode.c.objc; path = main.m; sourceTree = "<group>"; };
		041B60E01C5B9D2700C6AB78 /* Assets.xcassets */ = {isa = PBXFileReference; lastKnownFileType = folder.assetcatalog; path = Assets.xcassets; sourceTree = "<group>"; };
		041B60E31C5B9D2700C6AB78 /* Base */ = {isa = PBXFileReference; lastKnownFileType = file.storyboard; name = Base; path = Base.lproj/LaunchScreen.storyboard; sourceTree = "<group>"; };
		041B60E51C5B9D2700C6AB78 /* Info.plist */ = {isa = PBXFileReference; lastKnownFileType = text.plist.xml; path = Info.plist; sourceTree = "<group>"; };
		041B610B1C5BADAE00C6AB78 /* FKRequestManager.h */ = {isa = PBXFileReference; fileEncoding = 4; lastKnownFileType = sourcecode.c.h; path = FKRequestManager.h; sourceTree = "<group>"; };
		041B610C1C5BADAE00C6AB78 /* FKRequestManager.m */ = {isa = PBXFileReference; fileEncoding = 4; lastKnownFileType = sourcecode.c.objc; path = FKRequestManager.m; sourceTree = "<group>"; };
		041B610F1C5BAE4900C6AB78 /* AppDelegate.h */ = {isa = PBXFileReference; fileEncoding = 4; lastKnownFileType = sourcecode.c.h; path = AppDelegate.h; sourceTree = "<group>"; };
		041B61101C5BAE4900C6AB78 /* AppDelegate.m */ = {isa = PBXFileReference; fileEncoding = 4; lastKnownFileType = sourcecode.c.objc; path = AppDelegate.m; sourceTree = "<group>"; };
		041B61131C5BAEE500C6AB78 /* FKSignInViewController.h */ = {isa = PBXFileReference; fileEncoding = 4; lastKnownFileType = sourcecode.c.h; path = FKSignInViewController.h; sourceTree = "<group>"; };
		041B61141C5BAEE500C6AB78 /* FKSignInViewController.m */ = {isa = PBXFileReference; fileEncoding = 4; lastKnownFileType = sourcecode.c.objc; path = FKSignInViewController.m; sourceTree = "<group>"; };
		041B61161C5BB00400C6AB78 /* Globals.h */ = {isa = PBXFileReference; fileEncoding = 4; lastKnownFileType = sourcecode.c.h; name = Globals.h; path = "../Captain Pip's Florida Keys/Globals.h"; sourceTree = "<group>"; };
		044AE04C1C5BB71300493AFB /* FloridaKeysPrefixHeader.pch */ = {isa = PBXFileReference; fileEncoding = 4; lastKnownFileType = sourcecode.c.h; path = FloridaKeysPrefixHeader.pch; sourceTree = "<group>"; };
		044AE0511C5BD59D00493AFB /* FKManager.h */ = {isa = PBXFileReference; fileEncoding = 4; lastKnownFileType = sourcecode.c.h; path = FKManager.h; sourceTree = "<group>"; };
		044AE0521C5BD59D00493AFB /* FKManager.m */ = {isa = PBXFileReference; fileEncoding = 4; lastKnownFileType = sourcecode.c.objc; path = FKManager.m; sourceTree = "<group>"; };
		044AE0551C5BE41400493AFB /* FKLaunchViewController.h */ = {isa = PBXFileReference; fileEncoding = 4; lastKnownFileType = sourcecode.c.h; path = FKLaunchViewController.h; sourceTree = "<group>"; };
		044AE0561C5BE41400493AFB /* FKLaunchViewController.m */ = {isa = PBXFileReference; fileEncoding = 4; lastKnownFileType = sourcecode.c.objc; path = FKLaunchViewController.m; sourceTree = "<group>"; };
		044AE05A1C5BE48400493AFB /* FKLaunchViewController.xib */ = {isa = PBXFileReference; fileEncoding = 4; lastKnownFileType = file.xib; path = FKLaunchViewController.xib; sourceTree = "<group>"; };
		044AE05D1C5BF2FB00493AFB /* FKCouponViewController.h */ = {isa = PBXFileReference; fileEncoding = 4; lastKnownFileType = sourcecode.c.h; path = FKCouponViewController.h; sourceTree = "<group>"; };
		044AE05E1C5BF2FB00493AFB /* FKCouponViewController.m */ = {isa = PBXFileReference; fileEncoding = 4; lastKnownFileType = sourcecode.c.objc; path = FKCouponViewController.m; sourceTree = "<group>"; };
		044AE05F1C5BF2FB00493AFB /* FKCouponViewController.xib */ = {isa = PBXFileReference; fileEncoding = 4; lastKnownFileType = file.xib; path = FKCouponViewController.xib; sourceTree = "<group>"; };
		044AE0621C5BFC4000493AFB /* FKSignInViewController.xib */ = {isa = PBXFileReference; fileEncoding = 4; lastKnownFileType = file.xib; path = FKSignInViewController.xib; sourceTree = "<group>"; };
		04E629171C5CDED000CD9C97 /* NSString+FKString.h */ = {isa = PBXFileReference; fileEncoding = 4; lastKnownFileType = sourcecode.c.h; path = "NSString+FKString.h"; sourceTree = "<group>"; };
		04E629181C5CDED000CD9C97 /* NSString+FKString.m */ = {isa = PBXFileReference; fileEncoding = 4; lastKnownFileType = sourcecode.c.objc; path = "NSString+FKString.m"; sourceTree = "<group>"; };
		04E6291A1C5CF22100CD9C97 /* NSDictionary+FKDictionary.h */ = {isa = PBXFileReference; fileEncoding = 4; lastKnownFileType = sourcecode.c.h; path = "NSDictionary+FKDictionary.h"; sourceTree = "<group>"; };
		04E6291B1C5CF22100CD9C97 /* NSDictionary+FKDictionary.m */ = {isa = PBXFileReference; fileEncoding = 4; lastKnownFileType = sourcecode.c.objc; path = "NSDictionary+FKDictionary.m"; sourceTree = "<group>"; };
		04E629271C5E7D4000CD9C97 /* MHTabBarController.h */ = {isa = PBXFileReference; fileEncoding = 4; lastKnownFileType = sourcecode.c.h; path = MHTabBarController.h; sourceTree = "<group>"; };
		04E629281C5E7D4000CD9C97 /* MHTabBarController.m */ = {isa = PBXFileReference; fileEncoding = 4; lastKnownFileType = sourcecode.c.objc; path = MHTabBarController.m; sourceTree = "<group>"; };
		04E6292B1C5E7E8E00CD9C97 /* FKCouponTableViewController.h */ = {isa = PBXFileReference; fileEncoding = 4; lastKnownFileType = sourcecode.c.h; path = FKCouponTableViewController.h; sourceTree = "<group>"; };
		04E6292C1C5E7E8E00CD9C97 /* FKCouponTableViewController.m */ = {isa = PBXFileReference; fileEncoding = 4; lastKnownFileType = sourcecode.c.objc; path = FKCouponTableViewController.m; sourceTree = "<group>"; };
		04E6292D1C5E7E8E00CD9C97 /* FKCouponTableViewController.xib */ = {isa = PBXFileReference; fileEncoding = 4; lastKnownFileType = file.xib; path = FKCouponTableViewController.xib; sourceTree = "<group>"; };
		04E629371C5E7FEC00CD9C97 /* FKPunchViewController.h */ = {isa = PBXFileReference; fileEncoding = 4; lastKnownFileType = sourcecode.c.h; path = FKPunchViewController.h; sourceTree = "<group>"; };
		04E629381C5E7FEC00CD9C97 /* FKPunchViewController.m */ = {isa = PBXFileReference; fileEncoding = 4; lastKnownFileType = sourcecode.c.objc; path = FKPunchViewController.m; sourceTree = "<group>"; };
		04E629391C5E7FEC00CD9C97 /* FKPunchViewController.xib */ = {isa = PBXFileReference; fileEncoding = 4; lastKnownFileType = file.xib; path = FKPunchViewController.xib; sourceTree = "<group>"; };
		828F1E531EADAAC5B7958806 /* Pods-Captain Pip's Florida Keys.debug.xcconfig */ = {isa = PBXFileReference; includeInIndex = 1; lastKnownFileType = text.xcconfig; name = "Pods-Captain Pip's Florida Keys.debug.xcconfig"; path = "Pods/Target Support Files/Pods-Captain Pip's Florida Keys/Pods-Captain Pip's Florida Keys.debug.xcconfig"; sourceTree = "<group>"; };
		A3733B9E61C7E5BA9549C3B8 /* libPods-Captain Pip's Florida Keys.a */ = {isa = PBXFileReference; explicitFileType = archive.ar; includeInIndex = 0; path = "libPods-Captain Pip's Florida Keys.a"; sourceTree = BUILT_PRODUCTS_DIR; };
		F4D179EF4432E6C7F97A2909 /* Pods-Captain Pip's Florida Keys.release.xcconfig */ = {isa = PBXFileReference; includeInIndex = 1; lastKnownFileType = text.xcconfig; name = "Pods-Captain Pip's Florida Keys.release.xcconfig"; path = "Pods/Target Support Files/Pods-Captain Pip's Florida Keys/Pods-Captain Pip's Florida Keys.release.xcconfig"; sourceTree = "<group>"; };
/* End PBXFileReference section */

/* Begin PBXFrameworksBuildPhase section */
		041B60CE1C5B9D2700C6AB78 /* Frameworks */ = {
			isa = PBXFrameworksBuildPhase;
			buildActionMask = 2147483647;
			files = (
				BB924BE99C12DDC653526E99 /* libPods-Captain Pip's Florida Keys.a in Frameworks */,
			);
			runOnlyForDeploymentPostprocessing = 0;
		};
/* End PBXFrameworksBuildPhase section */

/* Begin PBXGroup section */
		041B60C81C5B9D2700C6AB78 = {
			isa = PBXGroup;
			children = (
				044AE04B1C5BB71300493AFB /* Support */,
				041B60D31C5B9D2700C6AB78 /* Captain Pip's Florida Keys */,
				041B60D21C5B9D2700C6AB78 /* Products */,
				9BDC3B7B921B3E8420671E8E /* Pods */,
				9A3103D02EB8474D8AF5BEC5 /* Frameworks */,
			);
			sourceTree = "<group>";
		};
		041B60D21C5B9D2700C6AB78 /* Products */ = {
			isa = PBXGroup;
			children = (
				041B60D11C5B9D2700C6AB78 /* Captain Pip's Florida Keys.app */,
			);
			name = Products;
			sourceTree = "<group>";
		};
		041B60D31C5B9D2700C6AB78 /* Captain Pip's Florida Keys */ = {
			isa = PBXGroup;
			children = (
				041B610E1C5BAE4900C6AB78 /* AppDelegate */,
				041B61091C5BAB8200C6AB78 /* Model */,
				041B610A1C5BAB8200C6AB78 /* View */,
				041B61071C5BA76400C6AB78 /* ViewController */,
				041B60E01C5B9D2700C6AB78 /* Assets.xcassets */,
				041B60E21C5B9D2700C6AB78 /* LaunchScreen.storyboard */,
				041B60E51C5B9D2700C6AB78 /* Info.plist */,
				041B60D41C5B9D2700C6AB78 /* Supporting Files */,
			);
			path = "Captain Pip's Florida Keys";
			sourceTree = "<group>";
		};
		041B60D41C5B9D2700C6AB78 /* Supporting Files */ = {
			isa = PBXGroup;
			children = (
				041B60D51C5B9D2700C6AB78 /* main.m */,
			);
			name = "Supporting Files";
			sourceTree = "<group>";
		};
		041B61071C5BA76400C6AB78 /* ViewController */ = {
			isa = PBXGroup;
			children = (
				04E629361C5E7FEC00CD9C97 /* PunchViewController */,
				04E6292A1C5E7E3000CD9C97 /* CouponTableViewController */,
				04E629261C5E7D4000CD9C97 /* MHTabBarController */,
				044AE05C1C5BF2DD00493AFB /* CouponViewController */,
				044AE0541C5BE3F600493AFB /* LaunchViewController */,
				041B61121C5BAEB100C6AB78 /* SignInViewController */,
			);
			path = ViewController;
			sourceTree = "<group>";
		};
		041B61091C5BAB8200C6AB78 /* Model */ = {
			isa = PBXGroup;
			children = (
				04E629161C5CDEAE00CD9C97 /* Categories */,
				044AE0501C5BD59D00493AFB /* FKManager */,
				041B610B1C5BADAE00C6AB78 /* FKRequestManager.h */,
				041B610C1C5BADAE00C6AB78 /* FKRequestManager.m */,
			);
			path = Model;
			sourceTree = "<group>";
		};
		041B610A1C5BAB8200C6AB78 /* View */ = {
			isa = PBXGroup;
			children = (
			);
			path = View;
			sourceTree = "<group>";
		};
		041B610E1C5BAE4900C6AB78 /* AppDelegate */ = {
			isa = PBXGroup;
			children = (
				041B610F1C5BAE4900C6AB78 /* AppDelegate.h */,
				041B61101C5BAE4900C6AB78 /* AppDelegate.m */,
			);
			path = AppDelegate;
			sourceTree = "<group>";
		};
		041B61121C5BAEB100C6AB78 /* SignInViewController */ = {
			isa = PBXGroup;
			children = (
				041B61131C5BAEE500C6AB78 /* FKSignInViewController.h */,
				041B61141C5BAEE500C6AB78 /* FKSignInViewController.m */,
				044AE0621C5BFC4000493AFB /* FKSignInViewController.xib */,
			);
			path = SignInViewController;
			sourceTree = "<group>";
		};
		044AE04B1C5BB71300493AFB /* Support */ = {
			isa = PBXGroup;
			children = (
				041B61161C5BB00400C6AB78 /* Globals.h */,
				044AE04C1C5BB71300493AFB /* FloridaKeysPrefixHeader.pch */,
			);
			path = Support;
			sourceTree = "<group>";
		};
		044AE0501C5BD59D00493AFB /* FKManager */ = {
			isa = PBXGroup;
			children = (
				044AE0511C5BD59D00493AFB /* FKManager.h */,
				044AE0521C5BD59D00493AFB /* FKManager.m */,
			);
			path = FKManager;
			sourceTree = "<group>";
		};
		044AE0541C5BE3F600493AFB /* LaunchViewController */ = {
			isa = PBXGroup;
			children = (
				044AE0551C5BE41400493AFB /* FKLaunchViewController.h */,
				044AE0561C5BE41400493AFB /* FKLaunchViewController.m */,
				044AE05A1C5BE48400493AFB /* FKLaunchViewController.xib */,
			);
			path = LaunchViewController;
			sourceTree = "<group>";
		};
		044AE05C1C5BF2DD00493AFB /* CouponViewController */ = {
			isa = PBXGroup;
			children = (
				044AE05D1C5BF2FB00493AFB /* FKCouponViewController.h */,
				044AE05E1C5BF2FB00493AFB /* FKCouponViewController.m */,
				044AE05F1C5BF2FB00493AFB /* FKCouponViewController.xib */,
			);
			path = CouponViewController;
			sourceTree = "<group>";
		};
		04E629161C5CDEAE00CD9C97 /* Categories */ = {
			isa = PBXGroup;
			children = (
				04E629171C5CDED000CD9C97 /* NSString+FKString.h */,
				04E629181C5CDED000CD9C97 /* NSString+FKString.m */,
				04E6291A1C5CF22100CD9C97 /* NSDictionary+FKDictionary.h */,
				04E6291B1C5CF22100CD9C97 /* NSDictionary+FKDictionary.m */,
			);
			path = Categories;
			sourceTree = "<group>";
		};
		04E629261C5E7D4000CD9C97 /* MHTabBarController */ = {
			isa = PBXGroup;
			children = (
				04E629271C5E7D4000CD9C97 /* MHTabBarController.h */,
				04E629281C5E7D4000CD9C97 /* MHTabBarController.m */,
			);
			path = MHTabBarController;
			sourceTree = "<group>";
		};
		04E6292A1C5E7E3000CD9C97 /* CouponTableViewController */ = {
			isa = PBXGroup;
			children = (
				04E6292B1C5E7E8E00CD9C97 /* FKCouponTableViewController.h */,
				04E6292C1C5E7E8E00CD9C97 /* FKCouponTableViewController.m */,
				04E6292D1C5E7E8E00CD9C97 /* FKCouponTableViewController.xib */,
			);
			path = CouponTableViewController;
			sourceTree = "<group>";
		};
		04E629361C5E7FEC00CD9C97 /* PunchViewController */ = {
			isa = PBXGroup;
			children = (
				04E629371C5E7FEC00CD9C97 /* FKPunchViewController.h */,
				04E629381C5E7FEC00CD9C97 /* FKPunchViewController.m */,
				04E629391C5E7FEC00CD9C97 /* FKPunchViewController.xib */,
			);
			path = PunchViewController;
			sourceTree = "<group>";
		};
		9A3103D02EB8474D8AF5BEC5 /* Frameworks */ = {
			isa = PBXGroup;
			children = (
				A3733B9E61C7E5BA9549C3B8 /* libPods-Captain Pip's Florida Keys.a */,
			);
			name = Frameworks;
			sourceTree = "<group>";
		};
		9BDC3B7B921B3E8420671E8E /* Pods */ = {
			isa = PBXGroup;
			children = (
				828F1E531EADAAC5B7958806 /* Pods-Captain Pip's Florida Keys.debug.xcconfig */,
				F4D179EF4432E6C7F97A2909 /* Pods-Captain Pip's Florida Keys.release.xcconfig */,
			);
			name = Pods;
			sourceTree = "<group>";
		};
/* End PBXGroup section */

/* Begin PBXNativeTarget section */
		041B60D01C5B9D2700C6AB78 /* Captain Pip's Florida Keys */ = {
			isa = PBXNativeTarget;
			buildConfigurationList = 041B60E81C5B9D2700C6AB78 /* Build configuration list for PBXNativeTarget "Captain Pip's Florida Keys" */;
			buildPhases = (
				4B0370DCEE8AEA3D048011FA /* Check Pods Manifest.lock */,
				041B60CD1C5B9D2700C6AB78 /* Sources */,
				041B60CE1C5B9D2700C6AB78 /* Frameworks */,
				041B60CF1C5B9D2700C6AB78 /* Resources */,
				9220AFB87FE3568E18EEBBE3 /* Embed Pods Frameworks */,
				38A24F61FC9877423BCA94E7 /* Copy Pods Resources */,
			);
			buildRules = (
			);
			dependencies = (
			);
			name = "Captain Pip's Florida Keys";
			productName = "Captain Pip's Florida Keys";
			productReference = 041B60D11C5B9D2700C6AB78 /* Captain Pip's Florida Keys.app */;
			productType = "com.apple.product-type.application";
		};
/* End PBXNativeTarget section */

/* Begin PBXProject section */
		041B60C91C5B9D2700C6AB78 /* Project object */ = {
			isa = PBXProject;
			attributes = {
				CLASSPREFIX = FK;
				LastUpgradeCheck = 0720;
				ORGANIZATIONNAME = "Khasan Abdullaev";
				TargetAttributes = {
					041B60D01C5B9D2700C6AB78 = {
						CreatedOnToolsVersion = 7.2;
					};
				};
			};
			buildConfigurationList = 041B60CC1C5B9D2700C6AB78 /* Build configuration list for PBXProject "Florida Keys" */;
			compatibilityVersion = "Xcode 3.2";
			developmentRegion = English;
			hasScannedForEncodings = 0;
			knownRegions = (
				en,
				Base,
			);
			mainGroup = 041B60C81C5B9D2700C6AB78;
			productRefGroup = 041B60D21C5B9D2700C6AB78 /* Products */;
			projectDirPath = "";
			projectRoot = "";
			targets = (
				041B60D01C5B9D2700C6AB78 /* Captain Pip's Florida Keys */,
			);
		};
/* End PBXProject section */

/* Begin PBXResourcesBuildPhase section */
		041B60CF1C5B9D2700C6AB78 /* Resources */ = {
			isa = PBXResourcesBuildPhase;
			buildActionMask = 2147483647;
			files = (
				04E6293B1C5E7FEC00CD9C97 /* FKPunchViewController.xib in Resources */,
				041B60E41C5B9D2700C6AB78 /* LaunchScreen.storyboard in Resources */,
				041B60E11C5B9D2700C6AB78 /* Assets.xcassets in Resources */,
				044AE0631C5BFC4000493AFB /* FKSignInViewController.xib in Resources */,
				044AE05B1C5BE48400493AFB /* FKLaunchViewController.xib in Resources */,
				04E6292F1C5E7E8E00CD9C97 /* FKCouponTableViewController.xib in Resources */,
				044AE0611C5BF2FB00493AFB /* FKCouponViewController.xib in Resources */,
			);
			runOnlyForDeploymentPostprocessing = 0;
		};
/* End PBXResourcesBuildPhase section */

/* Begin PBXShellScriptBuildPhase section */
		38A24F61FC9877423BCA94E7 /* Copy Pods Resources */ = {
			isa = PBXShellScriptBuildPhase;
			buildActionMask = 2147483647;
			files = (
			);
			inputPaths = (
			);
			name = "Copy Pods Resources";
			outputPaths = (
			);
			runOnlyForDeploymentPostprocessing = 0;
			shellPath = /bin/sh;
			shellScript = "\"${SRCROOT}/Pods/Target Support Files/Pods-Captain Pip's Florida Keys/Pods-Captain Pip's Florida Keys-resources.sh\"\n";
			showEnvVarsInLog = 0;
		};
		4B0370DCEE8AEA3D048011FA /* Check Pods Manifest.lock */ = {
			isa = PBXShellScriptBuildPhase;
			buildActionMask = 2147483647;
			files = (
			);
			inputPaths = (
			);
			name = "Check Pods Manifest.lock";
			outputPaths = (
			);
			runOnlyForDeploymentPostprocessing = 0;
			shellPath = /bin/sh;
			shellScript = "diff \"${PODS_ROOT}/../Podfile.lock\" \"${PODS_ROOT}/Manifest.lock\" > /dev/null\nif [[ $? != 0 ]] ; then\n    cat << EOM\nerror: The sandbox is not in sync with the Podfile.lock. Run 'pod install' or update your CocoaPods installation.\nEOM\n    exit 1\nfi\n";
			showEnvVarsInLog = 0;
		};
		9220AFB87FE3568E18EEBBE3 /* Embed Pods Frameworks */ = {
			isa = PBXShellScriptBuildPhase;
			buildActionMask = 2147483647;
			files = (
			);
			inputPaths = (
			);
			name = "Embed Pods Frameworks";
			outputPaths = (
			);
			runOnlyForDeploymentPostprocessing = 0;
			shellPath = /bin/sh;
			shellScript = "\"${SRCROOT}/Pods/Target Support Files/Pods-Captain Pip's Florida Keys/Pods-Captain Pip's Florida Keys-frameworks.sh\"\n";
			showEnvVarsInLog = 0;
		};
/* End PBXShellScriptBuildPhase section */

/* Begin PBXSourcesBuildPhase section */
		041B60CD1C5B9D2700C6AB78 /* Sources */ = {
			isa = PBXSourcesBuildPhase;
			buildActionMask = 2147483647;
			files = (
				04E6292E1C5E7E8E00CD9C97 /* FKCouponTableViewController.m in Sources */,
				044AE0531C5BD59D00493AFB /* FKManager.m in Sources */,
				04E629191C5CDED000CD9C97 /* NSString+FKString.m in Sources */,
				041B610D1C5BADAE00C6AB78 /* FKRequestManager.m in Sources */,
				044AE0601C5BF2FB00493AFB /* FKCouponViewController.m in Sources */,
				04E6293A1C5E7FEC00CD9C97 /* FKPunchViewController.m in Sources */,
				04E629291C5E7D4000CD9C97 /* MHTabBarController.m in Sources */,
				04E6291C1C5CF22100CD9C97 /* NSDictionary+FKDictionary.m in Sources */,
				044AE0571C5BE41400493AFB /* FKLaunchViewController.m in Sources */,
				041B60D61C5B9D2700C6AB78 /* main.m in Sources */,
				041B61111C5BAE4900C6AB78 /* AppDelegate.m in Sources */,
				041B61151C5BAEE500C6AB78 /* FKSignInViewController.m in Sources */,
			);
			runOnlyForDeploymentPostprocessing = 0;
		};
/* End PBXSourcesBuildPhase section */

/* Begin PBXVariantGroup section */
		041B60E21C5B9D2700C6AB78 /* LaunchScreen.storyboard */ = {
			isa = PBXVariantGroup;
			children = (
				041B60E31C5B9D2700C6AB78 /* Base */,
			);
			name = LaunchScreen.storyboard;
			sourceTree = "<group>";
		};
/* End PBXVariantGroup section */

/* Begin XCBuildConfiguration section */
		041B60E61C5B9D2700C6AB78 /* Debug */ = {
			isa = XCBuildConfiguration;
			buildSettings = {
				ALWAYS_SEARCH_USER_PATHS = NO;
				CLANG_CXX_LANGUAGE_STANDARD = "gnu++0x";
				CLANG_CXX_LIBRARY = "libc++";
				CLANG_ENABLE_MODULES = YES;
				CLANG_ENABLE_OBJC_ARC = YES;
				CLANG_WARN_BOOL_CONVERSION = YES;
				CLANG_WARN_CONSTANT_CONVERSION = YES;
				CLANG_WARN_DIRECT_OBJC_ISA_USAGE = YES_ERROR;
				CLANG_WARN_EMPTY_BODY = YES;
				CLANG_WARN_ENUM_CONVERSION = YES;
				CLANG_WARN_INT_CONVERSION = YES;
				CLANG_WARN_OBJC_ROOT_CLASS = YES_ERROR;
				CLANG_WARN_UNREACHABLE_CODE = YES;
				CLANG_WARN__DUPLICATE_METHOD_MATCH = YES;
				"CODE_SIGN_IDENTITY[sdk=iphoneos*]" = "iPhone Developer";
				COPY_PHASE_STRIP = NO;
				DEBUG_INFORMATION_FORMAT = dwarf;
				ENABLE_STRICT_OBJC_MSGSEND = YES;
				ENABLE_TESTABILITY = YES;
				GCC_C_LANGUAGE_STANDARD = gnu99;
				GCC_DYNAMIC_NO_PIC = NO;
				GCC_NO_COMMON_BLOCKS = YES;
				GCC_OPTIMIZATION_LEVEL = 0;
				GCC_PREFIX_HEADER = "";
				GCC_PREPROCESSOR_DEFINITIONS = (
					"DEBUG=1",
					"$(inherited)",
				);
				GCC_WARN_64_TO_32_BIT_CONVERSION = YES;
				GCC_WARN_ABOUT_RETURN_TYPE = YES_ERROR;
				GCC_WARN_UNDECLARED_SELECTOR = YES;
				GCC_WARN_UNINITIALIZED_AUTOS = YES_AGGRESSIVE;
				GCC_WARN_UNUSED_FUNCTION = YES;
				GCC_WARN_UNUSED_VARIABLE = YES;
				IPHONEOS_DEPLOYMENT_TARGET = 8.1;
				MTL_ENABLE_DEBUG_INFO = YES;
				ONLY_ACTIVE_ARCH = YES;
				SDKROOT = iphoneos;
			};
			name = Debug;
		};
		041B60E71C5B9D2700C6AB78 /* Release */ = {
			isa = XCBuildConfiguration;
			buildSettings = {
				ALWAYS_SEARCH_USER_PATHS = NO;
				CLANG_CXX_LANGUAGE_STANDARD = "gnu++0x";
				CLANG_CXX_LIBRARY = "libc++";
				CLANG_ENABLE_MODULES = YES;
				CLANG_ENABLE_OBJC_ARC = YES;
				CLANG_WARN_BOOL_CONVERSION = YES;
				CLANG_WARN_CONSTANT_CONVERSION = YES;
				CLANG_WARN_DIRECT_OBJC_ISA_USAGE = YES_ERROR;
				CLANG_WARN_EMPTY_BODY = YES;
				CLANG_WARN_ENUM_CONVERSION = YES;
				CLANG_WARN_INT_CONVERSION = YES;
				CLANG_WARN_OBJC_ROOT_CLASS = YES_ERROR;
				CLANG_WARN_UNREACHABLE_CODE = YES;
				CLANG_WARN__DUPLICATE_METHOD_MATCH = YES;
				"CODE_SIGN_IDENTITY[sdk=iphoneos*]" = "iPhone Developer";
				COPY_PHASE_STRIP = NO;
				DEBUG_INFORMATION_FORMAT = "dwarf-with-dsym";
				ENABLE_NS_ASSERTIONS = NO;
				ENABLE_STRICT_OBJC_MSGSEND = YES;
				GCC_C_LANGUAGE_STANDARD = gnu99;
				GCC_NO_COMMON_BLOCKS = YES;
				GCC_PREFIX_HEADER = "";
				GCC_WARN_64_TO_32_BIT_CONVERSION = YES;
				GCC_WARN_ABOUT_RETURN_TYPE = YES_ERROR;
				GCC_WARN_UNDECLARED_SELECTOR = YES;
				GCC_WARN_UNINITIALIZED_AUTOS = YES_AGGRESSIVE;
				GCC_WARN_UNUSED_FUNCTION = YES;
				GCC_WARN_UNUSED_VARIABLE = YES;
				IPHONEOS_DEPLOYMENT_TARGET = 8.1;
				MTL_ENABLE_DEBUG_INFO = NO;
				SDKROOT = iphoneos;
				VALIDATE_PRODUCT = YES;
			};
			name = Release;
		};
		041B60E91C5B9D2700C6AB78 /* Debug */ = {
			isa = XCBuildConfiguration;
			baseConfigurationReference = 828F1E531EADAAC5B7958806 /* Pods-Captain Pip's Florida Keys.debug.xcconfig */;
			buildSettings = {
				ASSETCATALOG_COMPILER_APPICON_NAME = AppIcon;
				GCC_PREFIX_HEADER = Support/FloridaKeysPrefixHeader.pch;
				GCC_PREPROCESSOR_DEFINITIONS = (
					"$(inherited)",
					"COCOAPODS=1",
					"CAPTAIN_PIPS_FLORIDA_KEYS=1",
				);
				INFOPLIST_FILE = "Captain Pip's Florida Keys/Info.plist";
				LD_RUNPATH_SEARCH_PATHS = "$(inherited) @executable_path/Frameworks";
				PRODUCT_BUNDLE_IDENTIFIER = "com.digitalarrowtech.Captain-Pip-s-Florida-Keys";
				PRODUCT_NAME = "$(TARGET_NAME)";
				TARGETED_DEVICE_FAMILY = "1,2";
			};
			name = Debug;
		};
		041B60EA1C5B9D2700C6AB78 /* Release */ = {
			isa = XCBuildConfiguration;
			baseConfigurationReference = F4D179EF4432E6C7F97A2909 /* Pods-Captain Pip's Florida Keys.release.xcconfig */;
			buildSettings = {
				ASSETCATALOG_COMPILER_APPICON_NAME = AppIcon;
				GCC_PREFIX_HEADER = Support/FloridaKeysPrefixHeader.pch;
				GCC_PREPROCESSOR_DEFINITIONS = (
					"$(inherited)",
					"COCOAPODS=1",
					"CAPTAIN_PIPS_FLORIDA_KEYS=1",
				);
				INFOPLIST_FILE = "Captain Pip's Florida Keys/Info.plist";
				LD_RUNPATH_SEARCH_PATHS = "$(inherited) @executable_path/Frameworks";
				PRODUCT_BUNDLE_IDENTIFIER = "com.digitalarrowtech.Captain-Pip-s-Florida-Keys";
				PRODUCT_NAME = "$(TARGET_NAME)";
				TARGETED_DEVICE_FAMILY = "1,2";
			};
			name = Release;
		};
/* End XCBuildConfiguration section */

/* Begin XCConfigurationList section */
		041B60CC1C5B9D2700C6AB78 /* Build configuration list for PBXProject "Florida Keys" */ = {
			isa = XCConfigurationList;
			buildConfigurations = (
				041B60E61C5B9D2700C6AB78 /* Debug */,
				041B60E71C5B9D2700C6AB78 /* Release */,
			);
			defaultConfigurationIsVisible = 0;
			defaultConfigurationName = Release;
		};
		041B60E81C5B9D2700C6AB78 /* Build configuration list for PBXNativeTarget "Captain Pip's Florida Keys" */ = {
			isa = XCConfigurationList;
			buildConfigurations = (
				041B60E91C5B9D2700C6AB78 /* Debug */,
				041B60EA1C5B9D2700C6AB78 /* Release */,
			);
			defaultConfigurationIsVisible = 0;
			defaultConfigurationName = Release;
		};
/* End XCConfigurationList section */
	};
	rootObject = 041B60C91C5B9D2700C6AB78 /* Project object */;
}
